// !$*UTF8*$!
{
	archiveVersion = 1;
	classes = {
	};
	objectVersion = 55;
	objects = {

/* Begin PBXBuildFile section */
		A46771D4B7A586133344DD1A /* Pods_Mangoplate.framework in Frameworks */ = {isa = PBXBuildFile; fileRef = 6979BA6631E18AF3FCC36D51 /* Pods_Mangoplate.framework */; };
		FA4C1CA8283C822C0089CDC8 /* SignInRequest.swift in Sources */ = {isa = PBXBuildFile; fileRef = FA4C1CA7283C822C0089CDC8 /* SignInRequest.swift */; };
		FA4C1CAA283C82370089CDC8 /* SignInResponse.swift in Sources */ = {isa = PBXBuildFile; fileRef = FA4C1CA9283C82370089CDC8 /* SignInResponse.swift */; };
		FA4C1CAD283C83130089CDC8 /* SignInDataManager.swift in Sources */ = {isa = PBXBuildFile; fileRef = FA4C1CAC283C83130089CDC8 /* SignInDataManager.swift */; };
		FA570AEB283A885300BA5049 /* RestaurantCell.swift in Sources */ = {isa = PBXBuildFile; fileRef = FA570AE9283A885300BA5049 /* RestaurantCell.swift */; };
		FA570AEC283A885300BA5049 /* RestaurantCell.xib in Resources */ = {isa = PBXBuildFile; fileRef = FA570AEA283A885300BA5049 /* RestaurantCell.xib */; };
		FA570AF5283A8BC200BA5049 /* BannerSubCell.swift in Sources */ = {isa = PBXBuildFile; fileRef = FA570AF3283A8BC200BA5049 /* BannerSubCell.swift */; };
		FA570AF6283A8BC200BA5049 /* BannerSubCell.xib in Resources */ = {isa = PBXBuildFile; fileRef = FA570AF4283A8BC200BA5049 /* BannerSubCell.xib */; };
		FA570AFA283A9E5100BA5049 /* SortingCell.swift in Sources */ = {isa = PBXBuildFile; fileRef = FA570AF8283A9E5100BA5049 /* SortingCell.swift */; };
		FA570AFB283A9E5100BA5049 /* SortingCell.xib in Resources */ = {isa = PBXBuildFile; fileRef = FA570AF9283A9E5100BA5049 /* SortingCell.xib */; };
		FA665A04283B4EBD00E807F1 /* SignUpResponse.swift in Sources */ = {isa = PBXBuildFile; fileRef = FA665A03283B4EBD00E807F1 /* SignUpResponse.swift */; };
		FA665A06283B561000E807F1 /* SignUpRequest.swift in Sources */ = {isa = PBXBuildFile; fileRef = FA665A05283B561000E807F1 /* SignUpRequest.swift */; };
		FA665A08283B596100E807F1 /* SignUpDataManager.swift in Sources */ = {isa = PBXBuildFile; fileRef = FA665A07283B596100E807F1 /* SignUpDataManager.swift */; };
		FA665A0A283B5A5E00E807F1 /* Constant.swift in Sources */ = {isa = PBXBuildFile; fileRef = FA665A09283B5A5E00E807F1 /* Constant.swift */; };
		FA811D4B28391EE400CA29AF /* FirstSignUpViewController.swift in Sources */ = {isa = PBXBuildFile; fileRef = FA811D4928391EE400CA29AF /* FirstSignUpViewController.swift */; };
		FA811D4C28391EE400CA29AF /* FirstSignUpViewController.xib in Resources */ = {isa = PBXBuildFile; fileRef = FA811D4A28391EE400CA29AF /* FirstSignUpViewController.xib */; };
		FA811D4F2839299000CA29AF /* SecondSignUpViewController.swift in Sources */ = {isa = PBXBuildFile; fileRef = FA811D4D2839299000CA29AF /* SecondSignUpViewController.swift */; };
		FA811D502839299000CA29AF /* SecondSignUpViewController.xib in Resources */ = {isa = PBXBuildFile; fileRef = FA811D4E2839299000CA29AF /* SecondSignUpViewController.xib */; };
		FABCF0A0283B5F70008D14F5 /* User.swift in Sources */ = {isa = PBXBuildFile; fileRef = FABCF09F283B5F70008D14F5 /* User.swift */; };
		FABCF0A2283BDE5D008D14F5 /* EmailCheckRequest.swift in Sources */ = {isa = PBXBuildFile; fileRef = FABCF0A1283BDE5C008D14F5 /* EmailCheckRequest.swift */; };
		FAD7C5272839ED000093AF35 /* BaseTabBarController.swift in Sources */ = {isa = PBXBuildFile; fileRef = FAD7C5262839ED000093AF35 /* BaseTabBarController.swift */; };
		FAD7C52B283A23F20093AF35 /* RestaurantViewController.swift in Sources */ = {isa = PBXBuildFile; fileRef = FAD7C529283A23F20093AF35 /* RestaurantViewController.swift */; };
		FAD7C52C283A23F20093AF35 /* RestaurantViewController.xib in Resources */ = {isa = PBXBuildFile; fileRef = FAD7C52A283A23F20093AF35 /* RestaurantViewController.xib */; };
		FAD7C533283A26F00093AF35 /* MangoPickViewController.swift in Sources */ = {isa = PBXBuildFile; fileRef = FAD7C531283A26F00093AF35 /* MangoPickViewController.swift */; };
		FAD7C534283A26F00093AF35 /* MangoPickViewController.xib in Resources */ = {isa = PBXBuildFile; fileRef = FAD7C532283A26F00093AF35 /* MangoPickViewController.xib */; };
		FAD7C537283A26FD0093AF35 /* WritingViewController.swift in Sources */ = {isa = PBXBuildFile; fileRef = FAD7C535283A26FD0093AF35 /* WritingViewController.swift */; };
		FAD7C538283A26FD0093AF35 /* WritingViewController.xib in Resources */ = {isa = PBXBuildFile; fileRef = FAD7C536283A26FD0093AF35 /* WritingViewController.xib */; };
		FAD7C53B283A27080093AF35 /* NewsViewController.swift in Sources */ = {isa = PBXBuildFile; fileRef = FAD7C539283A27080093AF35 /* NewsViewController.swift */; };
		FAD7C53C283A27080093AF35 /* NewsViewController.xib in Resources */ = {isa = PBXBuildFile; fileRef = FAD7C53A283A27080093AF35 /* NewsViewController.xib */; };
		FAD7C53F283A27130093AF35 /* MypageViewController.swift in Sources */ = {isa = PBXBuildFile; fileRef = FAD7C53D283A27130093AF35 /* MypageViewController.swift */; };
		FAD7C540283A27130093AF35 /* MypageViewController.xib in Resources */ = {isa = PBXBuildFile; fileRef = FAD7C53E283A27130093AF35 /* MypageViewController.xib */; };
		FAD7C542283A5A310093AF35 /* UINavigationItem.swift in Sources */ = {isa = PBXBuildFile; fileRef = FAD7C541283A5A310093AF35 /* UINavigationItem.swift */; };
		FAD7C546283A799B0093AF35 /* BannerCell.swift in Sources */ = {isa = PBXBuildFile; fileRef = FAD7C544283A799B0093AF35 /* BannerCell.swift */; };
		FAD7C547283A799B0093AF35 /* BannerCell.xib in Resources */ = {isa = PBXBuildFile; fileRef = FAD7C545283A799B0093AF35 /* BannerCell.xib */; };
		FAF609FD2838B6DE00B2CD48 /* AppDelegate.swift in Sources */ = {isa = PBXBuildFile; fileRef = FAF609FC2838B6DE00B2CD48 /* AppDelegate.swift */; };
		FAF609FF2838B6DE00B2CD48 /* SceneDelegate.swift in Sources */ = {isa = PBXBuildFile; fileRef = FAF609FE2838B6DE00B2CD48 /* SceneDelegate.swift */; };
		FAF60A012838B6DE00B2CD48 /* ViewController.swift in Sources */ = {isa = PBXBuildFile; fileRef = FAF60A002838B6DE00B2CD48 /* ViewController.swift */; };
		FAF60A042838B6DE00B2CD48 /* Main.storyboard in Resources */ = {isa = PBXBuildFile; fileRef = FAF60A022838B6DE00B2CD48 /* Main.storyboard */; };
		FAF60A062838B6E000B2CD48 /* Assets.xcassets in Resources */ = {isa = PBXBuildFile; fileRef = FAF60A052838B6E000B2CD48 /* Assets.xcassets */; };
		FAF60A092838B6E000B2CD48 /* LaunchScreen.storyboard in Resources */ = {isa = PBXBuildFile; fileRef = FAF60A072838B6E000B2CD48 /* LaunchScreen.storyboard */; };
		FAF60A172838CDEF00B2CD48 /* BaseViewController.swift in Sources */ = {isa = PBXBuildFile; fileRef = FAF60A162838CDEF00B2CD48 /* BaseViewController.swift */; };
		FAF60A1A2838CE5000B2CD48 /* IndicatorView.swift in Sources */ = {isa = PBXBuildFile; fileRef = FAF60A192838CE5000B2CD48 /* IndicatorView.swift */; };
		FAF60A1C2838CE7F00B2CD48 /* Device.swift in Sources */ = {isa = PBXBuildFile; fileRef = FAF60A1B2838CE7F00B2CD48 /* Device.swift */; };
		FAF60A272838CF2100B2CD48 /* UIButton.swift in Sources */ = {isa = PBXBuildFile; fileRef = FAF60A202838CF2100B2CD48 /* UIButton.swift */; };
		FAF60A282838CF2100B2CD48 /* Date.swift in Sources */ = {isa = PBXBuildFile; fileRef = FAF60A212838CF2100B2CD48 /* Date.swift */; };
		FAF60A292838CF2100B2CD48 /* UIColor.swift in Sources */ = {isa = PBXBuildFile; fileRef = FAF60A222838CF2100B2CD48 /* UIColor.swift */; };
		FAF60A2A2838CF2100B2CD48 /* String.swift in Sources */ = {isa = PBXBuildFile; fileRef = FAF60A232838CF2100B2CD48 /* String.swift */; };
		FAF60A2B2838CF2100B2CD48 /* UIFont.swift in Sources */ = {isa = PBXBuildFile; fileRef = FAF60A242838CF2100B2CD48 /* UIFont.swift */; };
		FAF60A2C2838CF2100B2CD48 /* UINavigationBar.swift in Sources */ = {isa = PBXBuildFile; fileRef = FAF60A252838CF2100B2CD48 /* UINavigationBar.swift */; };
		FAF60A2D2838CF2100B2CD48 /* UIViewController.swift in Sources */ = {isa = PBXBuildFile; fileRef = FAF60A262838CF2100B2CD48 /* UIViewController.swift */; };
		FAF60A342838D32800B2CD48 /* SignInHomeViewController.swift in Sources */ = {isa = PBXBuildFile; fileRef = FAF60A322838D32800B2CD48 /* SignInHomeViewController.swift */; };
		FAF60A352838D32800B2CD48 /* SignInHomeViewController.xib in Resources */ = {isa = PBXBuildFile; fileRef = FAF60A332838D32800B2CD48 /* SignInHomeViewController.xib */; };
		FAF60A382838E03B00B2CD48 /* EmailSignInViewController.swift in Sources */ = {isa = PBXBuildFile; fileRef = FAF60A362838E03B00B2CD48 /* EmailSignInViewController.swift */; };
		FAF60A392838E03B00B2CD48 /* EmailSignInViewController.xib in Resources */ = {isa = PBXBuildFile; fileRef = FAF60A372838E03B00B2CD48 /* EmailSignInViewController.xib */; };
		FAF60A3B2838E14600B2CD48 /* UITextField.swift in Sources */ = {isa = PBXBuildFile; fileRef = FAF60A3A2838E14600B2CD48 /* UITextField.swift */; };
/* End PBXBuildFile section */

/* Begin PBXFileReference section */
		2500C2350EEC545DDEBD7695 /* Pods-Mangoplate.release.xcconfig */ = {isa = PBXFileReference; includeInIndex = 1; lastKnownFileType = text.xcconfig; name = "Pods-Mangoplate.release.xcconfig"; path = "Target Support Files/Pods-Mangoplate/Pods-Mangoplate.release.xcconfig"; sourceTree = "<group>"; };
		6979BA6631E18AF3FCC36D51 /* Pods_Mangoplate.framework */ = {isa = PBXFileReference; explicitFileType = wrapper.framework; includeInIndex = 0; path = Pods_Mangoplate.framework; sourceTree = BUILT_PRODUCTS_DIR; };
		9A9554EF98F437EAEB7FCE8E /* Pods-Mangoplate.debug.xcconfig */ = {isa = PBXFileReference; includeInIndex = 1; lastKnownFileType = text.xcconfig; name = "Pods-Mangoplate.debug.xcconfig"; path = "Target Support Files/Pods-Mangoplate/Pods-Mangoplate.debug.xcconfig"; sourceTree = "<group>"; };
		FA4C1CA7283C822C0089CDC8 /* SignInRequest.swift */ = {isa = PBXFileReference; lastKnownFileType = sourcecode.swift; path = SignInRequest.swift; sourceTree = "<group>"; };
		FA4C1CA9283C82370089CDC8 /* SignInResponse.swift */ = {isa = PBXFileReference; lastKnownFileType = sourcecode.swift; path = SignInResponse.swift; sourceTree = "<group>"; };
		FA4C1CAC283C83130089CDC8 /* SignInDataManager.swift */ = {isa = PBXFileReference; lastKnownFileType = sourcecode.swift; path = SignInDataManager.swift; sourceTree = "<group>"; };
		FA570AE9283A885300BA5049 /* RestaurantCell.swift */ = {isa = PBXFileReference; lastKnownFileType = sourcecode.swift; path = RestaurantCell.swift; sourceTree = "<group>"; };
		FA570AEA283A885300BA5049 /* RestaurantCell.xib */ = {isa = PBXFileReference; lastKnownFileType = file.xib; path = RestaurantCell.xib; sourceTree = "<group>"; };
		FA570AF3283A8BC200BA5049 /* BannerSubCell.swift */ = {isa = PBXFileReference; lastKnownFileType = sourcecode.swift; path = BannerSubCell.swift; sourceTree = "<group>"; };
		FA570AF4283A8BC200BA5049 /* BannerSubCell.xib */ = {isa = PBXFileReference; lastKnownFileType = file.xib; path = BannerSubCell.xib; sourceTree = "<group>"; };
		FA570AF8283A9E5100BA5049 /* SortingCell.swift */ = {isa = PBXFileReference; lastKnownFileType = sourcecode.swift; path = SortingCell.swift; sourceTree = "<group>"; };
		FA570AF9283A9E5100BA5049 /* SortingCell.xib */ = {isa = PBXFileReference; lastKnownFileType = file.xib; path = SortingCell.xib; sourceTree = "<group>"; };
		FA665A03283B4EBD00E807F1 /* SignUpResponse.swift */ = {isa = PBXFileReference; lastKnownFileType = sourcecode.swift; path = SignUpResponse.swift; sourceTree = "<group>"; };
		FA665A05283B561000E807F1 /* SignUpRequest.swift */ = {isa = PBXFileReference; lastKnownFileType = sourcecode.swift; path = SignUpRequest.swift; sourceTree = "<group>"; };
		FA665A07283B596100E807F1 /* SignUpDataManager.swift */ = {isa = PBXFileReference; lastKnownFileType = sourcecode.swift; path = SignUpDataManager.swift; sourceTree = "<group>"; };
		FA665A09283B5A5E00E807F1 /* Constant.swift */ = {isa = PBXFileReference; lastKnownFileType = sourcecode.swift; path = Constant.swift; sourceTree = "<group>"; };
		FA811D4928391EE400CA29AF /* FirstSignUpViewController.swift */ = {isa = PBXFileReference; lastKnownFileType = sourcecode.swift; path = FirstSignUpViewController.swift; sourceTree = "<group>"; };
		FA811D4A28391EE400CA29AF /* FirstSignUpViewController.xib */ = {isa = PBXFileReference; lastKnownFileType = file.xib; path = FirstSignUpViewController.xib; sourceTree = "<group>"; };
		FA811D4D2839299000CA29AF /* SecondSignUpViewController.swift */ = {isa = PBXFileReference; lastKnownFileType = sourcecode.swift; path = SecondSignUpViewController.swift; sourceTree = "<group>"; };
		FA811D4E2839299000CA29AF /* SecondSignUpViewController.xib */ = {isa = PBXFileReference; lastKnownFileType = file.xib; path = SecondSignUpViewController.xib; sourceTree = "<group>"; };
		FABCF09F283B5F70008D14F5 /* User.swift */ = {isa = PBXFileReference; fileEncoding = 4; lastKnownFileType = sourcecode.swift; path = User.swift; sourceTree = "<group>"; };
		FABCF0A1283BDE5C008D14F5 /* EmailCheckRequest.swift */ = {isa = PBXFileReference; lastKnownFileType = sourcecode.swift; path = EmailCheckRequest.swift; sourceTree = "<group>"; };
		FAD7C5262839ED000093AF35 /* BaseTabBarController.swift */ = {isa = PBXFileReference; lastKnownFileType = sourcecode.swift; path = BaseTabBarController.swift; sourceTree = "<group>"; };
		FAD7C529283A23F20093AF35 /* RestaurantViewController.swift */ = {isa = PBXFileReference; lastKnownFileType = sourcecode.swift; path = RestaurantViewController.swift; sourceTree = "<group>"; };
		FAD7C52A283A23F20093AF35 /* RestaurantViewController.xib */ = {isa = PBXFileReference; lastKnownFileType = file.xib; path = RestaurantViewController.xib; sourceTree = "<group>"; };
		FAD7C531283A26F00093AF35 /* MangoPickViewController.swift */ = {isa = PBXFileReference; lastKnownFileType = sourcecode.swift; path = MangoPickViewController.swift; sourceTree = "<group>"; };
		FAD7C532283A26F00093AF35 /* MangoPickViewController.xib */ = {isa = PBXFileReference; lastKnownFileType = file.xib; path = MangoPickViewController.xib; sourceTree = "<group>"; };
		FAD7C535283A26FD0093AF35 /* WritingViewController.swift */ = {isa = PBXFileReference; lastKnownFileType = sourcecode.swift; path = WritingViewController.swift; sourceTree = "<group>"; };
		FAD7C536283A26FD0093AF35 /* WritingViewController.xib */ = {isa = PBXFileReference; lastKnownFileType = file.xib; path = WritingViewController.xib; sourceTree = "<group>"; };
		FAD7C539283A27080093AF35 /* NewsViewController.swift */ = {isa = PBXFileReference; lastKnownFileType = sourcecode.swift; path = NewsViewController.swift; sourceTree = "<group>"; };
		FAD7C53A283A27080093AF35 /* NewsViewController.xib */ = {isa = PBXFileReference; lastKnownFileType = file.xib; path = NewsViewController.xib; sourceTree = "<group>"; };
		FAD7C53D283A27130093AF35 /* MypageViewController.swift */ = {isa = PBXFileReference; lastKnownFileType = sourcecode.swift; path = MypageViewController.swift; sourceTree = "<group>"; };
		FAD7C53E283A27130093AF35 /* MypageViewController.xib */ = {isa = PBXFileReference; lastKnownFileType = file.xib; path = MypageViewController.xib; sourceTree = "<group>"; };
		FAD7C541283A5A310093AF35 /* UINavigationItem.swift */ = {isa = PBXFileReference; lastKnownFileType = sourcecode.swift; path = UINavigationItem.swift; sourceTree = "<group>"; };
		FAD7C544283A799B0093AF35 /* BannerCell.swift */ = {isa = PBXFileReference; lastKnownFileType = sourcecode.swift; path = BannerCell.swift; sourceTree = "<group>"; };
		FAD7C545283A799B0093AF35 /* BannerCell.xib */ = {isa = PBXFileReference; lastKnownFileType = file.xib; path = BannerCell.xib; sourceTree = "<group>"; };
		FAF609F92838B6DE00B2CD48 /* Mangoplate.app */ = {isa = PBXFileReference; explicitFileType = wrapper.application; includeInIndex = 0; path = Mangoplate.app; sourceTree = BUILT_PRODUCTS_DIR; };
		FAF609FC2838B6DE00B2CD48 /* AppDelegate.swift */ = {isa = PBXFileReference; lastKnownFileType = sourcecode.swift; path = AppDelegate.swift; sourceTree = "<group>"; };
		FAF609FE2838B6DE00B2CD48 /* SceneDelegate.swift */ = {isa = PBXFileReference; lastKnownFileType = sourcecode.swift; path = SceneDelegate.swift; sourceTree = "<group>"; };
		FAF60A002838B6DE00B2CD48 /* ViewController.swift */ = {isa = PBXFileReference; lastKnownFileType = sourcecode.swift; path = ViewController.swift; sourceTree = "<group>"; };
		FAF60A032838B6DE00B2CD48 /* Base */ = {isa = PBXFileReference; lastKnownFileType = file.storyboard; name = Base; path = Base.lproj/Main.storyboard; sourceTree = "<group>"; };
		FAF60A052838B6E000B2CD48 /* Assets.xcassets */ = {isa = PBXFileReference; lastKnownFileType = folder.assetcatalog; path = Assets.xcassets; sourceTree = "<group>"; };
		FAF60A082838B6E000B2CD48 /* Base */ = {isa = PBXFileReference; lastKnownFileType = file.storyboard; name = Base; path = Base.lproj/LaunchScreen.storyboard; sourceTree = "<group>"; };
		FAF60A0A2838B6E000B2CD48 /* Info.plist */ = {isa = PBXFileReference; lastKnownFileType = text.plist.xml; path = Info.plist; sourceTree = "<group>"; };
		FAF60A122838CDCA00B2CD48 /* NotoSansCJKkr-Bold.otf */ = {isa = PBXFileReference; lastKnownFileType = file; path = "NotoSansCJKkr-Bold.otf"; sourceTree = "<group>"; };
		FAF60A132838CDCB00B2CD48 /* NotoSansCJKkr-Regular.otf */ = {isa = PBXFileReference; lastKnownFileType = file; path = "NotoSansCJKkr-Regular.otf"; sourceTree = "<group>"; };
		FAF60A142838CDCB00B2CD48 /* NotoSansCJKkr-Medium.otf */ = {isa = PBXFileReference; lastKnownFileType = file; path = "NotoSansCJKkr-Medium.otf"; sourceTree = "<group>"; };
		FAF60A162838CDEF00B2CD48 /* BaseViewController.swift */ = {isa = PBXFileReference; lastKnownFileType = sourcecode.swift; path = BaseViewController.swift; sourceTree = "<group>"; };
		FAF60A192838CE5000B2CD48 /* IndicatorView.swift */ = {isa = PBXFileReference; lastKnownFileType = sourcecode.swift; path = IndicatorView.swift; sourceTree = "<group>"; };
		FAF60A1B2838CE7F00B2CD48 /* Device.swift */ = {isa = PBXFileReference; lastKnownFileType = sourcecode.swift; path = Device.swift; sourceTree = "<group>"; };
		FAF60A202838CF2100B2CD48 /* UIButton.swift */ = {isa = PBXFileReference; fileEncoding = 4; lastKnownFileType = sourcecode.swift; path = UIButton.swift; sourceTree = "<group>"; };
		FAF60A212838CF2100B2CD48 /* Date.swift */ = {isa = PBXFileReference; fileEncoding = 4; lastKnownFileType = sourcecode.swift; path = Date.swift; sourceTree = "<group>"; };
		FAF60A222838CF2100B2CD48 /* UIColor.swift */ = {isa = PBXFileReference; fileEncoding = 4; lastKnownFileType = sourcecode.swift; path = UIColor.swift; sourceTree = "<group>"; };
		FAF60A232838CF2100B2CD48 /* String.swift */ = {isa = PBXFileReference; fileEncoding = 4; lastKnownFileType = sourcecode.swift; path = String.swift; sourceTree = "<group>"; };
		FAF60A242838CF2100B2CD48 /* UIFont.swift */ = {isa = PBXFileReference; fileEncoding = 4; lastKnownFileType = sourcecode.swift; path = UIFont.swift; sourceTree = "<group>"; };
		FAF60A252838CF2100B2CD48 /* UINavigationBar.swift */ = {isa = PBXFileReference; fileEncoding = 4; lastKnownFileType = sourcecode.swift; path = UINavigationBar.swift; sourceTree = "<group>"; };
		FAF60A262838CF2100B2CD48 /* UIViewController.swift */ = {isa = PBXFileReference; fileEncoding = 4; lastKnownFileType = sourcecode.swift; path = UIViewController.swift; sourceTree = "<group>"; };
		FAF60A322838D32800B2CD48 /* SignInHomeViewController.swift */ = {isa = PBXFileReference; lastKnownFileType = sourcecode.swift; path = SignInHomeViewController.swift; sourceTree = "<group>"; };
		FAF60A332838D32800B2CD48 /* SignInHomeViewController.xib */ = {isa = PBXFileReference; lastKnownFileType = file.xib; path = SignInHomeViewController.xib; sourceTree = "<group>"; };
		FAF60A362838E03B00B2CD48 /* EmailSignInViewController.swift */ = {isa = PBXFileReference; lastKnownFileType = sourcecode.swift; path = EmailSignInViewController.swift; sourceTree = "<group>"; };
		FAF60A372838E03B00B2CD48 /* EmailSignInViewController.xib */ = {isa = PBXFileReference; lastKnownFileType = file.xib; path = EmailSignInViewController.xib; sourceTree = "<group>"; };
		FAF60A3A2838E14600B2CD48 /* UITextField.swift */ = {isa = PBXFileReference; lastKnownFileType = sourcecode.swift; path = UITextField.swift; sourceTree = "<group>"; };
/* End PBXFileReference section */

/* Begin PBXFrameworksBuildPhase section */
		FAF609F62838B6DE00B2CD48 /* Frameworks */ = {
			isa = PBXFrameworksBuildPhase;
			buildActionMask = 2147483647;
			files = (
				A46771D4B7A586133344DD1A /* Pods_Mangoplate.framework in Frameworks */,
			);
			runOnlyForDeploymentPostprocessing = 0;
		};
/* End PBXFrameworksBuildPhase section */

/* Begin PBXGroup section */
		7AE0F8AE9C384A51351A7D10 /* Frameworks */ = {
			isa = PBXGroup;
			children = (
				6979BA6631E18AF3FCC36D51 /* Pods_Mangoplate.framework */,
			);
			name = Frameworks;
			sourceTree = "<group>";
		};
		E41730932EA7BFF0A9B54460 /* Pods */ = {
			isa = PBXGroup;
			children = (
				9A9554EF98F437EAEB7FCE8E /* Pods-Mangoplate.debug.xcconfig */,
				2500C2350EEC545DDEBD7695 /* Pods-Mangoplate.release.xcconfig */,
			);
			path = Pods;
			sourceTree = "<group>";
		};
		FA4C1CAB283C83000089CDC8 /* DataManager */ = {
			isa = PBXGroup;
			children = (
				FA4C1CAC283C83130089CDC8 /* SignInDataManager.swift */,
			);
			path = DataManager;
			sourceTree = "<group>";
		};
		FA570AF1283A8AC100BA5049 /* Banner */ = {
			isa = PBXGroup;
			children = (
				FAD7C544283A799B0093AF35 /* BannerCell.swift */,
				FAD7C545283A799B0093AF35 /* BannerCell.xib */,
				FA570AF3283A8BC200BA5049 /* BannerSubCell.swift */,
				FA570AF4283A8BC200BA5049 /* BannerSubCell.xib */,
			);
			path = Banner;
			sourceTree = "<group>";
		};
		FA570AF2283A8AD000BA5049 /* Restaurant */ = {
			isa = PBXGroup;
			children = (
				FA570AE9283A885300BA5049 /* RestaurantCell.swift */,
				FA570AEA283A885300BA5049 /* RestaurantCell.xib */,
			);
			path = Restaurant;
			sourceTree = "<group>";
		};
		FA570AF7283A9E3F00BA5049 /* Sorting */ = {
			isa = PBXGroup;
			children = (
				FA570AF8283A9E5100BA5049 /* SortingCell.swift */,
				FA570AF9283A9E5100BA5049 /* SortingCell.xib */,
			);
			path = Sorting;
			sourceTree = "<group>";
		};
		FA665A00283B4E4B00E807F1 /* Entity */ = {
			isa = PBXGroup;
			children = (
				FA4C1CA7283C822C0089CDC8 /* SignInRequest.swift */,
				FA4C1CA9283C82370089CDC8 /* SignInResponse.swift */,
			);
			path = Entity;
			sourceTree = "<group>";
		};
		FA665A01283B4E5B00E807F1 /* Entity */ = {
			isa = PBXGroup;
			children = (
				FA665A03283B4EBD00E807F1 /* SignUpResponse.swift */,
				FA665A05283B561000E807F1 /* SignUpRequest.swift */,
				FABCF0A1283BDE5C008D14F5 /* EmailCheckRequest.swift */,
			);
			path = Entity;
			sourceTree = "<group>";
		};
		FA665A0B283B5DBC00E807F1 /* DataManager */ = {
			isa = PBXGroup;
			children = (
				FA665A07283B596100E807F1 /* SignUpDataManager.swift */,
			);
			path = DataManager;
			sourceTree = "<group>";
		};
		FA665A0C283B5F0E00E807F1 /* Model */ = {
			isa = PBXGroup;
			children = (
				FABCF09F283B5F70008D14F5 /* User.swift */,
			);
			path = Model;
			sourceTree = "<group>";
		};
		FAD7C528283A23CA0093AF35 /* Restaurant */ = {
			isa = PBXGroup;
			children = (
				FAD7C543283A79830093AF35 /* Cell */,
				FAD7C529283A23F20093AF35 /* RestaurantViewController.swift */,
				FAD7C52A283A23F20093AF35 /* RestaurantViewController.xib */,
			);
			path = Restaurant;
			sourceTree = "<group>";
		};
		FAD7C52D283A26650093AF35 /* MangoPick */ = {
			isa = PBXGroup;
			children = (
				FAD7C531283A26F00093AF35 /* MangoPickViewController.swift */,
				FAD7C532283A26F00093AF35 /* MangoPickViewController.xib */,
			);
			path = MangoPick;
			sourceTree = "<group>";
		};
		FAD7C52E283A267E0093AF35 /* Writing */ = {
			isa = PBXGroup;
			children = (
				FAD7C535283A26FD0093AF35 /* WritingViewController.swift */,
				FAD7C536283A26FD0093AF35 /* WritingViewController.xib */,
			);
			path = Writing;
			sourceTree = "<group>";
		};
		FAD7C52F283A268D0093AF35 /* News */ = {
			isa = PBXGroup;
			children = (
				FAD7C539283A27080093AF35 /* NewsViewController.swift */,
				FAD7C53A283A27080093AF35 /* NewsViewController.xib */,
			);
			path = News;
			sourceTree = "<group>";
		};
		FAD7C530283A269D0093AF35 /* Mypage */ = {
			isa = PBXGroup;
			children = (
				FAD7C53D283A27130093AF35 /* MypageViewController.swift */,
				FAD7C53E283A27130093AF35 /* MypageViewController.xib */,
			);
			path = Mypage;
			sourceTree = "<group>";
		};
		FAD7C543283A79830093AF35 /* Cell */ = {
			isa = PBXGroup;
			children = (
				FA570AF7283A9E3F00BA5049 /* Sorting */,
				FA570AF2283A8AD000BA5049 /* Restaurant */,
				FA570AF1283A8AC100BA5049 /* Banner */,
			);
			path = Cell;
			sourceTree = "<group>";
		};
		FAF609F02838B6DE00B2CD48 = {
			isa = PBXGroup;
			children = (
				FAF609FB2838B6DE00B2CD48 /* Mangoplate */,
				FAF609FA2838B6DE00B2CD48 /* Products */,
				E41730932EA7BFF0A9B54460 /* Pods */,
				7AE0F8AE9C384A51351A7D10 /* Frameworks */,
			);
			sourceTree = "<group>";
		};
		FAF609FA2838B6DE00B2CD48 /* Products */ = {
			isa = PBXGroup;
			children = (
				FAF609F92838B6DE00B2CD48 /* Mangoplate.app */,
			);
			name = Products;
			sourceTree = "<group>";
		};
		FAF609FB2838B6DE00B2CD48 /* Mangoplate */ = {
			isa = PBXGroup;
			children = (
				FAF60A2E2838CF8100B2CD48 /* Source */,
				FAF60A182838CE1900B2CD48 /* Util */,
				FAF60A102838CD8E00B2CD48 /* Configuration */,
				FAF609FC2838B6DE00B2CD48 /* AppDelegate.swift */,
				FAF609FE2838B6DE00B2CD48 /* SceneDelegate.swift */,
				FAF60A002838B6DE00B2CD48 /* ViewController.swift */,
				FAF60A052838B6E000B2CD48 /* Assets.xcassets */,
				FAF60A0A2838B6E000B2CD48 /* Info.plist */,
			);
			path = Mangoplate;
			sourceTree = "<group>";
		};
		FAF60A102838CD8E00B2CD48 /* Configuration */ = {
			isa = PBXGroup;
			children = (
				FAF60A152838CDDF00B2CD48 /* Base */,
				FAF60A112838CDB000B2CD48 /* Font */,
				FA665A09283B5A5E00E807F1 /* Constant.swift */,
			);
			path = Configuration;
			sourceTree = "<group>";
		};
		FAF60A112838CDB000B2CD48 /* Font */ = {
			isa = PBXGroup;
			children = (
				FAF60A122838CDCA00B2CD48 /* NotoSansCJKkr-Bold.otf */,
				FAF60A142838CDCB00B2CD48 /* NotoSansCJKkr-Medium.otf */,
				FAF60A132838CDCB00B2CD48 /* NotoSansCJKkr-Regular.otf */,
			);
			path = Font;
			sourceTree = "<group>";
		};
		FAF60A152838CDDF00B2CD48 /* Base */ = {
			isa = PBXGroup;
			children = (
				FAF60A162838CDEF00B2CD48 /* BaseViewController.swift */,
				FAD7C5262839ED000093AF35 /* BaseTabBarController.swift */,
			);
			path = Base;
			sourceTree = "<group>";
		};
		FAF60A182838CE1900B2CD48 /* Util */ = {
			isa = PBXGroup;
			children = (
				FAF60A1F2838CF0500B2CD48 /* Extension */,
				FAF60A192838CE5000B2CD48 /* IndicatorView.swift */,
				FAF60A1B2838CE7F00B2CD48 /* Device.swift */,
			);
			path = Util;
			sourceTree = "<group>";
		};
		FAF60A1F2838CF0500B2CD48 /* Extension */ = {
			isa = PBXGroup;
			children = (
				FAF60A212838CF2100B2CD48 /* Date.swift */,
				FAF60A232838CF2100B2CD48 /* String.swift */,
				FAF60A202838CF2100B2CD48 /* UIButton.swift */,
				FAF60A222838CF2100B2CD48 /* UIColor.swift */,
				FAF60A242838CF2100B2CD48 /* UIFont.swift */,
				FAF60A252838CF2100B2CD48 /* UINavigationBar.swift */,
				FAF60A262838CF2100B2CD48 /* UIViewController.swift */,
				FAF60A3A2838E14600B2CD48 /* UITextField.swift */,
				FAD7C541283A5A310093AF35 /* UINavigationItem.swift */,
			);
			path = Extension;
			sourceTree = "<group>";
		};
		FAF60A2E2838CF8100B2CD48 /* Source */ = {
			isa = PBXGroup;
			children = (
				FAF60A2F2838D02100B2CD48 /* Network */,
				FAF60A072838B6E000B2CD48 /* LaunchScreen.storyboard */,
				FAF60A022838B6DE00B2CD48 /* Main.storyboard */,
			);
			path = Source;
			sourceTree = "<group>";
		};
		FAF60A2F2838D02100B2CD48 /* Network */ = {
			isa = PBXGroup;
			children = (
				FAF60A312838D2DA00B2CD48 /* SignIn */,
				FAF60A302838D03400B2CD48 /* SignUp */,
				FAD7C528283A23CA0093AF35 /* Restaurant */,
				FAD7C52D283A26650093AF35 /* MangoPick */,
				FAD7C52E283A267E0093AF35 /* Writing */,
				FAD7C52F283A268D0093AF35 /* News */,
				FAD7C530283A269D0093AF35 /* Mypage */,
			);
			path = Network;
			sourceTree = "<group>";
		};
		FAF60A302838D03400B2CD48 /* SignUp */ = {
			isa = PBXGroup;
			children = (
				FA665A0C283B5F0E00E807F1 /* Model */,
				FA811D4928391EE400CA29AF /* FirstSignUpViewController.swift */,
				FA811D4D2839299000CA29AF /* SecondSignUpViewController.swift */,
				FA811D4A28391EE400CA29AF /* FirstSignUpViewController.xib */,
				FA811D4E2839299000CA29AF /* SecondSignUpViewController.xib */,
				FA665A0B283B5DBC00E807F1 /* DataManager */,
				FA665A01283B4E5B00E807F1 /* Entity */,
			);
			path = SignUp;
			sourceTree = "<group>";
		};
		FAF60A312838D2DA00B2CD48 /* SignIn */ = {
			isa = PBXGroup;
			children = (
				FAF60A322838D32800B2CD48 /* SignInHomeViewController.swift */,
				FAF60A362838E03B00B2CD48 /* EmailSignInViewController.swift */,
				FAF60A332838D32800B2CD48 /* SignInHomeViewController.xib */,
				FAF60A372838E03B00B2CD48 /* EmailSignInViewController.xib */,
				FA4C1CAB283C83000089CDC8 /* DataManager */,
				FA665A00283B4E4B00E807F1 /* Entity */,
			);
			path = SignIn;
			sourceTree = "<group>";
		};
/* End PBXGroup section */

/* Begin PBXNativeTarget section */
		FAF609F82838B6DE00B2CD48 /* Mangoplate */ = {
			isa = PBXNativeTarget;
			buildConfigurationList = FAF60A0D2838B6E000B2CD48 /* Build configuration list for PBXNativeTarget "Mangoplate" */;
			buildPhases = (
				D575C0ACB25930487C57F978 /* [CP] Check Pods Manifest.lock */,
				FAF609F52838B6DE00B2CD48 /* Sources */,
				FAF609F62838B6DE00B2CD48 /* Frameworks */,
				FAF609F72838B6DE00B2CD48 /* Resources */,
				0650C5D072BC3B28017F2143 /* [CP] Embed Pods Frameworks */,
			);
			buildRules = (
			);
			dependencies = (
			);
			name = Mangoplate;
			productName = Mangoplate;
			productReference = FAF609F92838B6DE00B2CD48 /* Mangoplate.app */;
			productType = "com.apple.product-type.application";
		};
/* End PBXNativeTarget section */

/* Begin PBXProject section */
		FAF609F12838B6DE00B2CD48 /* Project object */ = {
			isa = PBXProject;
			attributes = {
				BuildIndependentTargetsInParallel = 1;
				LastSwiftUpdateCheck = 1310;
				LastUpgradeCheck = 1310;
				TargetAttributes = {
					FAF609F82838B6DE00B2CD48 = {
						CreatedOnToolsVersion = 13.1;
					};
				};
			};
			buildConfigurationList = FAF609F42838B6DE00B2CD48 /* Build configuration list for PBXProject "Mangoplate" */;
			compatibilityVersion = "Xcode 13.0";
			developmentRegion = en;
			hasScannedForEncodings = 0;
			knownRegions = (
				en,
				Base,
			);
			mainGroup = FAF609F02838B6DE00B2CD48;
			productRefGroup = FAF609FA2838B6DE00B2CD48 /* Products */;
			projectDirPath = "";
			projectRoot = "";
			targets = (
				FAF609F82838B6DE00B2CD48 /* Mangoplate */,
			);
		};
/* End PBXProject section */

/* Begin PBXResourcesBuildPhase section */
		FAF609F72838B6DE00B2CD48 /* Resources */ = {
			isa = PBXResourcesBuildPhase;
			buildActionMask = 2147483647;
			files = (
				FA570AF6283A8BC200BA5049 /* BannerSubCell.xib in Resources */,
				FAF60A092838B6E000B2CD48 /* LaunchScreen.storyboard in Resources */,
				FA811D502839299000CA29AF /* SecondSignUpViewController.xib in Resources */,
				FAD7C53C283A27080093AF35 /* NewsViewController.xib in Resources */,
				FAF60A352838D32800B2CD48 /* SignInHomeViewController.xib in Resources */,
				FAF60A062838B6E000B2CD48 /* Assets.xcassets in Resources */,
				FA570AFB283A9E5100BA5049 /* SortingCell.xib in Resources */,
				FAF60A392838E03B00B2CD48 /* EmailSignInViewController.xib in Resources */,
				FAD7C52C283A23F20093AF35 /* RestaurantViewController.xib in Resources */,
				FAD7C540283A27130093AF35 /* MypageViewController.xib in Resources */,
				FA570AEC283A885300BA5049 /* RestaurantCell.xib in Resources */,
				FAF60A042838B6DE00B2CD48 /* Main.storyboard in Resources */,
				FA811D4C28391EE400CA29AF /* FirstSignUpViewController.xib in Resources */,
				FAD7C534283A26F00093AF35 /* MangoPickViewController.xib in Resources */,
				FAD7C538283A26FD0093AF35 /* WritingViewController.xib in Resources */,
				FAD7C547283A799B0093AF35 /* BannerCell.xib in Resources */,
			);
			runOnlyForDeploymentPostprocessing = 0;
		};
/* End PBXResourcesBuildPhase section */

/* Begin PBXShellScriptBuildPhase section */
		0650C5D072BC3B28017F2143 /* [CP] Embed Pods Frameworks */ = {
			isa = PBXShellScriptBuildPhase;
			buildActionMask = 2147483647;
			files = (
			);
			inputFileListPaths = (
				"${PODS_ROOT}/Target Support Files/Pods-Mangoplate/Pods-Mangoplate-frameworks-${CONFIGURATION}-input-files.xcfilelist",
			);
			name = "[CP] Embed Pods Frameworks";
			outputFileListPaths = (
				"${PODS_ROOT}/Target Support Files/Pods-Mangoplate/Pods-Mangoplate-frameworks-${CONFIGURATION}-output-files.xcfilelist",
			);
			runOnlyForDeploymentPostprocessing = 0;
			shellPath = /bin/sh;
			shellScript = "\"${PODS_ROOT}/Target Support Files/Pods-Mangoplate/Pods-Mangoplate-frameworks.sh\"\n";
			showEnvVarsInLog = 0;
		};
		D575C0ACB25930487C57F978 /* [CP] Check Pods Manifest.lock */ = {
			isa = PBXShellScriptBuildPhase;
			buildActionMask = 2147483647;
			files = (
			);
			inputFileListPaths = (
			);
			inputPaths = (
				"${PODS_PODFILE_DIR_PATH}/Podfile.lock",
				"${PODS_ROOT}/Manifest.lock",
			);
			name = "[CP] Check Pods Manifest.lock";
			outputFileListPaths = (
			);
			outputPaths = (
				"$(DERIVED_FILE_DIR)/Pods-Mangoplate-checkManifestLockResult.txt",
			);
			runOnlyForDeploymentPostprocessing = 0;
			shellPath = /bin/sh;
			shellScript = "diff \"${PODS_PODFILE_DIR_PATH}/Podfile.lock\" \"${PODS_ROOT}/Manifest.lock\" > /dev/null\nif [ $? != 0 ] ; then\n    # print error to STDERR\n    echo \"error: The sandbox is not in sync with the Podfile.lock. Run 'pod install' or update your CocoaPods installation.\" >&2\n    exit 1\nfi\n# This output is used by Xcode 'outputs' to avoid re-running this script phase.\necho \"SUCCESS\" > \"${SCRIPT_OUTPUT_FILE_0}\"\n";
			showEnvVarsInLog = 0;
		};
/* End PBXShellScriptBuildPhase section */

/* Begin PBXSourcesBuildPhase section */
		FAF609F52838B6DE00B2CD48 /* Sources */ = {
			isa = PBXSourcesBuildPhase;
			buildActionMask = 2147483647;
			files = (
				FAF60A012838B6DE00B2CD48 /* ViewController.swift in Sources */,
				FAD7C533283A26F00093AF35 /* MangoPickViewController.swift in Sources */,
				FA570AF5283A8BC200BA5049 /* BannerSubCell.swift in Sources */,
				FAD7C53B283A27080093AF35 /* NewsViewController.swift in Sources */,
				FAD7C546283A799B0093AF35 /* BannerCell.swift in Sources */,
				FABCF0A2283BDE5D008D14F5 /* EmailCheckRequest.swift in Sources */,
				FAD7C52B283A23F20093AF35 /* RestaurantViewController.swift in Sources */,
				FA4C1CA8283C822C0089CDC8 /* SignInRequest.swift in Sources */,
				FAF60A172838CDEF00B2CD48 /* BaseViewController.swift in Sources */,
				FAD7C5272839ED000093AF35 /* BaseTabBarController.swift in Sources */,
				FA665A0A283B5A5E00E807F1 /* Constant.swift in Sources */,
				FAF60A2A2838CF2100B2CD48 /* String.swift in Sources */,
				FAF60A3B2838E14600B2CD48 /* UITextField.swift in Sources */,
				FAF60A2C2838CF2100B2CD48 /* UINavigationBar.swift in Sources */,
				FAF609FD2838B6DE00B2CD48 /* AppDelegate.swift in Sources */,
				FAD7C537283A26FD0093AF35 /* WritingViewController.swift in Sources */,
				FA570AFA283A9E5100BA5049 /* SortingCell.swift in Sources */,
				FAF60A282838CF2100B2CD48 /* Date.swift in Sources */,
				FA665A04283B4EBD00E807F1 /* SignUpResponse.swift in Sources */,
				FAF60A292838CF2100B2CD48 /* UIColor.swift in Sources */,
				FA4C1CAA283C82370089CDC8 /* SignInResponse.swift in Sources */,
				FA665A06283B561000E807F1 /* SignUpRequest.swift in Sources */,
				FAF60A2D2838CF2100B2CD48 /* UIViewController.swift in Sources */,
				FAF60A2B2838CF2100B2CD48 /* UIFont.swift in Sources */,
				FAD7C53F283A27130093AF35 /* MypageViewController.swift in Sources */,
				FAF60A1C2838CE7F00B2CD48 /* Device.swift in Sources */,
				FA570AEB283A885300BA5049 /* RestaurantCell.swift in Sources */,
				FABCF0A0283B5F70008D14F5 /* User.swift in Sources */,
				FAF60A272838CF2100B2CD48 /* UIButton.swift in Sources */,
				FA811D4F2839299000CA29AF /* SecondSignUpViewController.swift in Sources */,
				FAF60A342838D32800B2CD48 /* SignInHomeViewController.swift in Sources */,
				FA4C1CAD283C83130089CDC8 /* SignInDataManager.swift in Sources */,
				FAD7C542283A5A310093AF35 /* UINavigationItem.swift in Sources */,
				FAF60A382838E03B00B2CD48 /* EmailSignInViewController.swift in Sources */,
				FA811D4B28391EE400CA29AF /* FirstSignUpViewController.swift in Sources */,
				FA665A08283B596100E807F1 /* SignUpDataManager.swift in Sources */,
				FAF609FF2838B6DE00B2CD48 /* SceneDelegate.swift in Sources */,
				FAF60A1A2838CE5000B2CD48 /* IndicatorView.swift in Sources */,
			);
			runOnlyForDeploymentPostprocessing = 0;
		};
/* End PBXSourcesBuildPhase section */

/* Begin PBXVariantGroup section */
		FAF60A022838B6DE00B2CD48 /* Main.storyboard */ = {
			isa = PBXVariantGroup;
			children = (
				FAF60A032838B6DE00B2CD48 /* Base */,
			);
			name = Main.storyboard;
			sourceTree = "<group>";
		};
		FAF60A072838B6E000B2CD48 /* LaunchScreen.storyboard */ = {
			isa = PBXVariantGroup;
			children = (
				FAF60A082838B6E000B2CD48 /* Base */,
			);
			name = LaunchScreen.storyboard;
			sourceTree = "<group>";
		};
/* End PBXVariantGroup section */

/* Begin XCBuildConfiguration section */
		FAF60A0B2838B6E000B2CD48 /* Debug */ = {
			isa = XCBuildConfiguration;
			buildSettings = {
				ALWAYS_SEARCH_USER_PATHS = NO;
				CLANG_ANALYZER_NONNULL = YES;
				CLANG_ANALYZER_NUMBER_OBJECT_CONVERSION = YES_AGGRESSIVE;
				CLANG_CXX_LANGUAGE_STANDARD = "gnu++17";
				CLANG_CXX_LIBRARY = "libc++";
				CLANG_ENABLE_MODULES = YES;
				CLANG_ENABLE_OBJC_ARC = YES;
				CLANG_ENABLE_OBJC_WEAK = YES;
				CLANG_WARN_BLOCK_CAPTURE_AUTORELEASING = YES;
				CLANG_WARN_BOOL_CONVERSION = YES;
				CLANG_WARN_COMMA = YES;
				CLANG_WARN_CONSTANT_CONVERSION = YES;
				CLANG_WARN_DEPRECATED_OBJC_IMPLEMENTATIONS = YES;
				CLANG_WARN_DIRECT_OBJC_ISA_USAGE = YES_ERROR;
				CLANG_WARN_DOCUMENTATION_COMMENTS = YES;
				CLANG_WARN_EMPTY_BODY = YES;
				CLANG_WARN_ENUM_CONVERSION = YES;
				CLANG_WARN_INFINITE_RECURSION = YES;
				CLANG_WARN_INT_CONVERSION = YES;
				CLANG_WARN_NON_LITERAL_NULL_CONVERSION = YES;
				CLANG_WARN_OBJC_IMPLICIT_RETAIN_SELF = YES;
				CLANG_WARN_OBJC_LITERAL_CONVERSION = YES;
				CLANG_WARN_OBJC_ROOT_CLASS = YES_ERROR;
				CLANG_WARN_QUOTED_INCLUDE_IN_FRAMEWORK_HEADER = YES;
				CLANG_WARN_RANGE_LOOP_ANALYSIS = YES;
				CLANG_WARN_STRICT_PROTOTYPES = YES;
				CLANG_WARN_SUSPICIOUS_MOVE = YES;
				CLANG_WARN_UNGUARDED_AVAILABILITY = YES_AGGRESSIVE;
				CLANG_WARN_UNREACHABLE_CODE = YES;
				CLANG_WARN__DUPLICATE_METHOD_MATCH = YES;
				COPY_PHASE_STRIP = NO;
				DEBUG_INFORMATION_FORMAT = dwarf;
				ENABLE_STRICT_OBJC_MSGSEND = YES;
				ENABLE_TESTABILITY = YES;
				GCC_C_LANGUAGE_STANDARD = gnu11;
				GCC_DYNAMIC_NO_PIC = NO;
				GCC_NO_COMMON_BLOCKS = YES;
				GCC_OPTIMIZATION_LEVEL = 0;
				GCC_PREPROCESSOR_DEFINITIONS = (
					"DEBUG=1",
					"$(inherited)",
				);
				GCC_WARN_64_TO_32_BIT_CONVERSION = YES;
				GCC_WARN_ABOUT_RETURN_TYPE = YES_ERROR;
				GCC_WARN_UNDECLARED_SELECTOR = YES;
				GCC_WARN_UNINITIALIZED_AUTOS = YES_AGGRESSIVE;
				GCC_WARN_UNUSED_FUNCTION = YES;
				GCC_WARN_UNUSED_VARIABLE = YES;
				IPHONEOS_DEPLOYMENT_TARGET = 15.0;
				MTL_ENABLE_DEBUG_INFO = INCLUDE_SOURCE;
				MTL_FAST_MATH = YES;
				ONLY_ACTIVE_ARCH = YES;
				SDKROOT = iphoneos;
				SWIFT_ACTIVE_COMPILATION_CONDITIONS = DEBUG;
				SWIFT_OPTIMIZATION_LEVEL = "-Onone";
			};
			name = Debug;
		};
		FAF60A0C2838B6E000B2CD48 /* Release */ = {
			isa = XCBuildConfiguration;
			buildSettings = {
				ALWAYS_SEARCH_USER_PATHS = NO;
				CLANG_ANALYZER_NONNULL = YES;
				CLANG_ANALYZER_NUMBER_OBJECT_CONVERSION = YES_AGGRESSIVE;
				CLANG_CXX_LANGUAGE_STANDARD = "gnu++17";
				CLANG_CXX_LIBRARY = "libc++";
				CLANG_ENABLE_MODULES = YES;
				CLANG_ENABLE_OBJC_ARC = YES;
				CLANG_ENABLE_OBJC_WEAK = YES;
				CLANG_WARN_BLOCK_CAPTURE_AUTORELEASING = YES;
				CLANG_WARN_BOOL_CONVERSION = YES;
				CLANG_WARN_COMMA = YES;
				CLANG_WARN_CONSTANT_CONVERSION = YES;
				CLANG_WARN_DEPRECATED_OBJC_IMPLEMENTATIONS = YES;
				CLANG_WARN_DIRECT_OBJC_ISA_USAGE = YES_ERROR;
				CLANG_WARN_DOCUMENTATION_COMMENTS = YES;
				CLANG_WARN_EMPTY_BODY = YES;
				CLANG_WARN_ENUM_CONVERSION = YES;
				CLANG_WARN_INFINITE_RECURSION = YES;
				CLANG_WARN_INT_CONVERSION = YES;
				CLANG_WARN_NON_LITERAL_NULL_CONVERSION = YES;
				CLANG_WARN_OBJC_IMPLICIT_RETAIN_SELF = YES;
				CLANG_WARN_OBJC_LITERAL_CONVERSION = YES;
				CLANG_WARN_OBJC_ROOT_CLASS = YES_ERROR;
				CLANG_WARN_QUOTED_INCLUDE_IN_FRAMEWORK_HEADER = YES;
				CLANG_WARN_RANGE_LOOP_ANALYSIS = YES;
				CLANG_WARN_STRICT_PROTOTYPES = YES;
				CLANG_WARN_SUSPICIOUS_MOVE = YES;
				CLANG_WARN_UNGUARDED_AVAILABILITY = YES_AGGRESSIVE;
				CLANG_WARN_UNREACHABLE_CODE = YES;
				CLANG_WARN__DUPLICATE_METHOD_MATCH = YES;
				COPY_PHASE_STRIP = NO;
				DEBUG_INFORMATION_FORMAT = "dwarf-with-dsym";
				ENABLE_NS_ASSERTIONS = NO;
				ENABLE_STRICT_OBJC_MSGSEND = YES;
				GCC_C_LANGUAGE_STANDARD = gnu11;
				GCC_NO_COMMON_BLOCKS = YES;
				GCC_WARN_64_TO_32_BIT_CONVERSION = YES;
				GCC_WARN_ABOUT_RETURN_TYPE = YES_ERROR;
				GCC_WARN_UNDECLARED_SELECTOR = YES;
				GCC_WARN_UNINITIALIZED_AUTOS = YES_AGGRESSIVE;
				GCC_WARN_UNUSED_FUNCTION = YES;
				GCC_WARN_UNUSED_VARIABLE = YES;
				IPHONEOS_DEPLOYMENT_TARGET = 15.0;
				MTL_ENABLE_DEBUG_INFO = NO;
				MTL_FAST_MATH = YES;
				SDKROOT = iphoneos;
				SWIFT_COMPILATION_MODE = wholemodule;
				SWIFT_OPTIMIZATION_LEVEL = "-O";
				VALIDATE_PRODUCT = YES;
			};
			name = Release;
		};
		FAF60A0E2838B6E000B2CD48 /* Debug */ = {
			isa = XCBuildConfiguration;
			baseConfigurationReference = 9A9554EF98F437EAEB7FCE8E /* Pods-Mangoplate.debug.xcconfig */;
			buildSettings = {
				ASSETCATALOG_COMPILER_APPICON_NAME = AppIcon;
				ASSETCATALOG_COMPILER_GLOBAL_ACCENT_COLOR_NAME = AccentColor;
				CODE_SIGN_STYLE = Automatic;
				CURRENT_PROJECT_VERSION = 1;
				DEVELOPMENT_TEAM = 9738W25PF4;
				GENERATE_INFOPLIST_FILE = YES;
				INFOPLIST_FILE = Mangoplate/Info.plist;
				INFOPLIST_KEY_NSCameraUsageDescription = "카메라로 사진 찍기";
				INFOPLIST_KEY_NSPhotoLibraryUsageDescription = "앨범에서 사진 선택";
				INFOPLIST_KEY_UIApplicationSupportsIndirectInputEvents = YES;
				INFOPLIST_KEY_UILaunchStoryboardName = LaunchScreen;
				INFOPLIST_KEY_UISupportedInterfaceOrientations_iPad = "UIInterfaceOrientationPortrait UIInterfaceOrientationPortraitUpsideDown UIInterfaceOrientationLandscapeLeft UIInterfaceOrientationLandscapeRight";
				INFOPLIST_KEY_UISupportedInterfaceOrientations_iPhone = "UIInterfaceOrientationPortrait UIInterfaceOrientationLandscapeLeft UIInterfaceOrientationLandscapeRight";
				INFOPLIST_KEY_UIUserInterfaceStyle = Light;
				LD_RUNPATH_SEARCH_PATHS = (
					"$(inherited)",
					"@executable_path/Frameworks",
				);
				MARKETING_VERSION = 1.0;
				PRODUCT_BUNDLE_IDENTIFIER = LimYoungSun.Mangoplate;
				PRODUCT_NAME = "$(TARGET_NAME)";
				SWIFT_EMIT_LOC_STRINGS = YES;
				SWIFT_VERSION = 5.0;
				TARGETED_DEVICE_FAMILY = 1;
			};
			name = Debug;
		};
		FAF60A0F2838B6E000B2CD48 /* Release */ = {
			isa = XCBuildConfiguration;
			baseConfigurationReference = 2500C2350EEC545DDEBD7695 /* Pods-Mangoplate.release.xcconfig */;
			buildSettings = {
				ASSETCATALOG_COMPILER_APPICON_NAME = AppIcon;
				ASSETCATALOG_COMPILER_GLOBAL_ACCENT_COLOR_NAME = AccentColor;
				CODE_SIGN_STYLE = Automatic;
				CURRENT_PROJECT_VERSION = 1;
				DEVELOPMENT_TEAM = 9738W25PF4;
				GENERATE_INFOPLIST_FILE = YES;
				INFOPLIST_FILE = Mangoplate/Info.plist;
				INFOPLIST_KEY_NSCameraUsageDescription = "카메라로 사진 찍기";
				INFOPLIST_KEY_NSPhotoLibraryUsageDescription = "앨범에서 사진 선택";
				INFOPLIST_KEY_UIApplicationSupportsIndirectInputEvents = YES;
				INFOPLIST_KEY_UILaunchStoryboardName = LaunchScreen;
				INFOPLIST_KEY_UISupportedInterfaceOrientations_iPad = "UIInterfaceOrientationPortrait UIInterfaceOrientationPortraitUpsideDown UIInterfaceOrientationLandscapeLeft UIInterfaceOrientationLandscapeRight";
				INFOPLIST_KEY_UISupportedInterfaceOrientations_iPhone = "UIInterfaceOrientationPortrait UIInterfaceOrientationLandscapeLeft UIInterfaceOrientationLandscapeRight";
				INFOPLIST_KEY_UIUserInterfaceStyle = Light;
				LD_RUNPATH_SEARCH_PATHS = (
					"$(inherited)",
					"@executable_path/Frameworks",
				);
				MARKETING_VERSION = 1.0;
				PRODUCT_BUNDLE_IDENTIFIER = LimYoungSun.Mangoplate;
				PRODUCT_NAME = "$(TARGET_NAME)";
				SWIFT_EMIT_LOC_STRINGS = YES;
				SWIFT_VERSION = 5.0;
				TARGETED_DEVICE_FAMILY = 1;
			};
			name = Release;
		};
/* End XCBuildConfiguration section */

/* Begin XCConfigurationList section */
		FAF609F42838B6DE00B2CD48 /* Build configuration list for PBXProject "Mangoplate" */ = {
			isa = XCConfigurationList;
			buildConfigurations = (
				FAF60A0B2838B6E000B2CD48 /* Debug */,
				FAF60A0C2838B6E000B2CD48 /* Release */,
			);
			defaultConfigurationIsVisible = 0;
			defaultConfigurationName = Release;
		};
		FAF60A0D2838B6E000B2CD48 /* Build configuration list for PBXNativeTarget "Mangoplate" */ = {
			isa = XCConfigurationList;
			buildConfigurations = (
				FAF60A0E2838B6E000B2CD48 /* Debug */,
				FAF60A0F2838B6E000B2CD48 /* Release */,
			);
			defaultConfigurationIsVisible = 0;
			defaultConfigurationName = Release;
		};
/* End XCConfigurationList section */
	};
	rootObject = FAF609F12838B6DE00B2CD48 /* Project object */;
}
