// !$*UTF8*$!
{
	archiveVersion = 1;
	classes = {
	};
	objectVersion = 55;
	objects = {

/* Begin PBXBuildFile section */
		A46771D4B7A586133344DD1A /* Pods_Mangoplate.framework in Frameworks */ = {isa = PBXBuildFile; fileRef = 6979BA6631E18AF3FCC36D51 /* Pods_Mangoplate.framework */; };
		FA1DE1E0283CFE0300A7EAEC /* MyPageTimelineCell.swift in Sources */ = {isa = PBXBuildFile; fileRef = FA1DE1DE283CFE0300A7EAEC /* MyPageTimelineCell.swift */; };
		FA1DE1E1283CFE0300A7EAEC /* MyPageTimelineCell.xib in Resources */ = {isa = PBXBuildFile; fileRef = FA1DE1DF283CFE0300A7EAEC /* MyPageTimelineCell.xib */; };
		FA37E91F283CC857003FAE07 /* KakaoLoginRequest.swift in Sources */ = {isa = PBXBuildFile; fileRef = FA37E91E283CC857003FAE07 /* KakaoLoginRequest.swift */; };
		FA37E923283CD043003FAE07 /* MyPageProfileCell.swift in Sources */ = {isa = PBXBuildFile; fileRef = FA37E921283CD043003FAE07 /* MyPageProfileCell.swift */; };
		FA37E924283CD043003FAE07 /* MyPageProfileCell.xib in Resources */ = {isa = PBXBuildFile; fileRef = FA37E922283CD043003FAE07 /* MyPageProfileCell.xib */; };
		FA37E927283CF606003FAE07 /* MyPageMainCell.swift in Sources */ = {isa = PBXBuildFile; fileRef = FA37E925283CF606003FAE07 /* MyPageMainCell.swift */; };
		FA37E928283CF606003FAE07 /* MyPageMainCell.xib in Resources */ = {isa = PBXBuildFile; fileRef = FA37E926283CF606003FAE07 /* MyPageMainCell.xib */; };
		FA3F3E442843778800CE48B9 /* TasteCell.swift in Sources */ = {isa = PBXBuildFile; fileRef = FA3F3E422843778800CE48B9 /* TasteCell.swift */; };
		FA3F3E452843778800CE48B9 /* TasteCell.xib in Resources */ = {isa = PBXBuildFile; fileRef = FA3F3E432843778800CE48B9 /* TasteCell.xib */; };
		FA3F3E4828438C7500CE48B9 /* DetailRestaurantViewController.swift in Sources */ = {isa = PBXBuildFile; fileRef = FA3F3E4628438C7500CE48B9 /* DetailRestaurantViewController.swift */; };
		FA3F3E4928438C7500CE48B9 /* DetailRestaurantViewController.xib in Resources */ = {isa = PBXBuildFile; fileRef = FA3F3E4728438C7500CE48B9 /* DetailRestaurantViewController.xib */; };
		FA3F3E4D2843951800CE48B9 /* FirstRestaurantDetailCell.swift in Sources */ = {isa = PBXBuildFile; fileRef = FA3F3E4B2843951800CE48B9 /* FirstRestaurantDetailCell.swift */; };
		FA3F3E4E2843951800CE48B9 /* FirstRestaurantDetailCell.xib in Resources */ = {isa = PBXBuildFile; fileRef = FA3F3E4C2843951800CE48B9 /* FirstRestaurantDetailCell.xib */; };
		FA3F3E512843AEB300CE48B9 /* RestaurantImageCell.swift in Sources */ = {isa = PBXBuildFile; fileRef = FA3F3E4F2843AEB300CE48B9 /* RestaurantImageCell.swift */; };
		FA3F3E522843AEB300CE48B9 /* RestaurantImageCell.xib in Resources */ = {isa = PBXBuildFile; fileRef = FA3F3E502843AEB300CE48B9 /* RestaurantImageCell.xib */; };
		FA4C1CA8283C822C0089CDC8 /* SignInRequest.swift in Sources */ = {isa = PBXBuildFile; fileRef = FA4C1CA7283C822C0089CDC8 /* SignInRequest.swift */; };
		FA4C1CAA283C82370089CDC8 /* SignInResponse.swift in Sources */ = {isa = PBXBuildFile; fileRef = FA4C1CA9283C82370089CDC8 /* SignInResponse.swift */; };
		FA4C1CAD283C83130089CDC8 /* SignInDataManager.swift in Sources */ = {isa = PBXBuildFile; fileRef = FA4C1CAC283C83130089CDC8 /* SignInDataManager.swift */; };
		FA4C3B7B2841112D003AFEF2 /* NotificationName.swift in Sources */ = {isa = PBXBuildFile; fileRef = FA4C3B7A2841112D003AFEF2 /* NotificationName.swift */; };
		FA4C3B7E2841388C003AFEF2 /* CircularTransition.swift in Sources */ = {isa = PBXBuildFile; fileRef = FA4C3B7D2841388C003AFEF2 /* CircularTransition.swift */; };
		FA4FA60E283FBA0E00DD836A /* MyPageDataManager.swift in Sources */ = {isa = PBXBuildFile; fileRef = FA4FA60D283FBA0E00DD836A /* MyPageDataManager.swift */; };
		FA4FA610283FBAB500DD836A /* DeleteUserResponse.swift in Sources */ = {isa = PBXBuildFile; fileRef = FA4FA60F283FBAB500DD836A /* DeleteUserResponse.swift */; };
		FA50440428472E4C00A3A5E9 /* DetailRestaurantResponse.swift in Sources */ = {isa = PBXBuildFile; fileRef = FA50440328472E4C00A3A5E9 /* DetailRestaurantResponse.swift */; };
		FA50440728474C7F00A3A5E9 /* MyReviewController.swift in Sources */ = {isa = PBXBuildFile; fileRef = FA50440528474C7F00A3A5E9 /* MyReviewController.swift */; };
		FA50440828474C7F00A3A5E9 /* MyReviewController.xib in Resources */ = {isa = PBXBuildFile; fileRef = FA50440628474C7F00A3A5E9 /* MyReviewController.xib */; };
		FA551B6828426FD3009ADB01 /* StoryResponse.swift in Sources */ = {isa = PBXBuildFile; fileRef = FA551B6728426FD3009ADB01 /* StoryResponse.swift */; };
		FA551B6A2842807F009ADB01 /* TopListResponse.swift in Sources */ = {isa = PBXBuildFile; fileRef = FA551B692842807F009ADB01 /* TopListResponse.swift */; };
		FA551B6C28428AB1009ADB01 /* GetUserResponse.swift in Sources */ = {isa = PBXBuildFile; fileRef = FA551B6B28428AB1009ADB01 /* GetUserResponse.swift */; };
		FA570AEB283A885300BA5049 /* RestaurantCell.swift in Sources */ = {isa = PBXBuildFile; fileRef = FA570AE9283A885300BA5049 /* RestaurantCell.swift */; };
		FA570AEC283A885300BA5049 /* RestaurantCell.xib in Resources */ = {isa = PBXBuildFile; fileRef = FA570AEA283A885300BA5049 /* RestaurantCell.xib */; };
		FA570AF5283A8BC200BA5049 /* BannerSubCell.swift in Sources */ = {isa = PBXBuildFile; fileRef = FA570AF3283A8BC200BA5049 /* BannerSubCell.swift */; };
		FA570AF6283A8BC200BA5049 /* BannerSubCell.xib in Resources */ = {isa = PBXBuildFile; fileRef = FA570AF4283A8BC200BA5049 /* BannerSubCell.xib */; };
		FA570AFA283A9E5100BA5049 /* SortingCell.swift in Sources */ = {isa = PBXBuildFile; fileRef = FA570AF8283A9E5100BA5049 /* SortingCell.swift */; };
		FA570AFB283A9E5100BA5049 /* SortingCell.xib in Resources */ = {isa = PBXBuildFile; fileRef = FA570AF9283A9E5100BA5049 /* SortingCell.xib */; };
		FA597E0828408AE00072CA47 /* DetailAreaViewController.swift in Sources */ = {isa = PBXBuildFile; fileRef = FA597E0628408AE00072CA47 /* DetailAreaViewController.swift */; };
		FA597E0928408AE00072CA47 /* DetailAreaViewController.xib in Resources */ = {isa = PBXBuildFile; fileRef = FA597E0728408AE00072CA47 /* DetailAreaViewController.xib */; };
		FA597E0C2840BDF40072CA47 /* AreaTabmanViewController.swift in Sources */ = {isa = PBXBuildFile; fileRef = FA597E0A2840BDF40072CA47 /* AreaTabmanViewController.swift */; };
		FA597E0D2840BDF40072CA47 /* AreaTabmanViewController.xib in Resources */ = {isa = PBXBuildFile; fileRef = FA597E0B2840BDF40072CA47 /* AreaTabmanViewController.xib */; };
		FA597E132840CC980072CA47 /* AreaCell.swift in Sources */ = {isa = PBXBuildFile; fileRef = FA597E112840CC980072CA47 /* AreaCell.swift */; };
		FA597E142840CC980072CA47 /* AreaCell.xib in Resources */ = {isa = PBXBuildFile; fileRef = FA597E122840CC980072CA47 /* AreaCell.xib */; };
		FA5C5C75283E61CE0071C7BF /* TopListCell.swift in Sources */ = {isa = PBXBuildFile; fileRef = FA5C5C73283E61CE0071C7BF /* TopListCell.swift */; };
		FA5C5C76283E61CE0071C7BF /* TopListCell.xib in Resources */ = {isa = PBXBuildFile; fileRef = FA5C5C74283E61CE0071C7BF /* TopListCell.xib */; };
		FA600B0B283F47320044F5BA /* RestaurantDataManager.swift in Sources */ = {isa = PBXBuildFile; fileRef = FA600B0A283F47320044F5BA /* RestaurantDataManager.swift */; };
		FA600B0F283F47790044F5BA /* AreasResponse.swift in Sources */ = {isa = PBXBuildFile; fileRef = FA600B0E283F47790044F5BA /* AreasResponse.swift */; };
		FA60386C28425BC500C0DFC4 /* UIImageView.swift in Sources */ = {isa = PBXBuildFile; fileRef = FA60386B28425BC500C0DFC4 /* UIImageView.swift */; };
		FA6038702842658A00C0DFC4 /* EATDealResponse.swift in Sources */ = {isa = PBXBuildFile; fileRef = FA60386F2842658A00C0DFC4 /* EATDealResponse.swift */; };
		FA6038722842660100C0DFC4 /* MangoPickDataManager.swift in Sources */ = {isa = PBXBuildFile; fileRef = FA6038712842660100C0DFC4 /* MangoPickDataManager.swift */; };
		FA617A5A283F83C500F8E59C /* AreasViewController.swift in Sources */ = {isa = PBXBuildFile; fileRef = FA617A58283F83C500F8E59C /* AreasViewController.swift */; };
		FA617A5B283F83C500F8E59C /* AreasViewController.xib in Resources */ = {isa = PBXBuildFile; fileRef = FA617A59283F83C500F8E59C /* AreasViewController.xib */; };
		FA617A5E283F9D3F00F8E59C /* UserDeleteViewController.swift in Sources */ = {isa = PBXBuildFile; fileRef = FA617A5C283F9D3F00F8E59C /* UserDeleteViewController.swift */; };
		FA617A5F283F9D3F00F8E59C /* UserDeleteViewController.xib in Resources */ = {isa = PBXBuildFile; fileRef = FA617A5D283F9D3F00F8E59C /* UserDeleteViewController.xib */; };
		FA665A04283B4EBD00E807F1 /* SignUpResponse.swift in Sources */ = {isa = PBXBuildFile; fileRef = FA665A03283B4EBD00E807F1 /* SignUpResponse.swift */; };
		FA665A06283B561000E807F1 /* SignUpRequest.swift in Sources */ = {isa = PBXBuildFile; fileRef = FA665A05283B561000E807F1 /* SignUpRequest.swift */; };
		FA665A08283B596100E807F1 /* SignUpDataManager.swift in Sources */ = {isa = PBXBuildFile; fileRef = FA665A07283B596100E807F1 /* SignUpDataManager.swift */; };
		FA665A0A283B5A5E00E807F1 /* Constant.swift in Sources */ = {isa = PBXBuildFile; fileRef = FA665A09283B5A5E00E807F1 /* Constant.swift */; };
		FA666BC628434B4300DAB919 /* AllViewController.swift in Sources */ = {isa = PBXBuildFile; fileRef = FA666BC428434B4300DAB919 /* AllViewController.swift */; };
		FA666BC728434B4300DAB919 /* AllViewController.xib in Resources */ = {isa = PBXBuildFile; fileRef = FA666BC528434B4300DAB919 /* AllViewController.xib */; };
		FA666BCA28434B5000DAB919 /* FollowingViewController.swift in Sources */ = {isa = PBXBuildFile; fileRef = FA666BC828434B5000DAB919 /* FollowingViewController.swift */; };
		FA666BCB28434B5000DAB919 /* FollowingViewController.xib in Resources */ = {isa = PBXBuildFile; fileRef = FA666BC928434B5000DAB919 /* FollowingViewController.xib */; };
		FA666BCE28434B6100DAB919 /* HolicViewController.swift in Sources */ = {isa = PBXBuildFile; fileRef = FA666BCC28434B6100DAB919 /* HolicViewController.swift */; };
		FA666BCF28434B6100DAB919 /* HolicViewController.xib in Resources */ = {isa = PBXBuildFile; fileRef = FA666BCD28434B6100DAB919 /* HolicViewController.xib */; };
		FA666BD3284356DC00DAB919 /* NewsCell.swift in Sources */ = {isa = PBXBuildFile; fileRef = FA666BD1284356DC00DAB919 /* NewsCell.swift */; };
		FA666BD4284356DC00DAB919 /* NewsCell.xib in Resources */ = {isa = PBXBuildFile; fileRef = FA666BD2284356DC00DAB919 /* NewsCell.xib */; };
		FA666BD7284366B200DAB919 /* ImageCell.swift in Sources */ = {isa = PBXBuildFile; fileRef = FA666BD5284366B200DAB919 /* ImageCell.swift */; };
		FA666BD8284366B200DAB919 /* ImageCell.xib in Resources */ = {isa = PBXBuildFile; fileRef = FA666BD6284366B200DAB919 /* ImageCell.xib */; };
		FA6B08952845F9FD008639E4 /* CustomGalleryViewController.swift in Sources */ = {isa = PBXBuildFile; fileRef = FA6B08932845F9FD008639E4 /* CustomGalleryViewController.swift */; };
		FA6B08962845F9FD008639E4 /* CustomGalleryViewController.xib in Resources */ = {isa = PBXBuildFile; fileRef = FA6B08942845F9FD008639E4 /* CustomGalleryViewController.xib */; };
		FA6B08992845FAC4008639E4 /* CustomGalleryCell.swift in Sources */ = {isa = PBXBuildFile; fileRef = FA6B08972845FAC4008639E4 /* CustomGalleryCell.swift */; };
		FA6B089A2845FAC4008639E4 /* CustomGalleryCell.xib in Resources */ = {isa = PBXBuildFile; fileRef = FA6B08982845FAC4008639E4 /* CustomGalleryCell.xib */; };
		FA6B089C2846077C008639E4 /* Review.swift in Sources */ = {isa = PBXBuildFile; fileRef = FA6B089B2846077C008639E4 /* Review.swift */; };
		FA6B089F28461329008639E4 /* ReviewWritingViewController.swift in Sources */ = {isa = PBXBuildFile; fileRef = FA6B089D28461329008639E4 /* ReviewWritingViewController.swift */; };
		FA6B08A028461329008639E4 /* ReviewWritingViewController.xib in Resources */ = {isa = PBXBuildFile; fileRef = FA6B089E28461329008639E4 /* ReviewWritingViewController.xib */; };
		FA6B08A328462867008639E4 /* LogoutMyPageViewController.swift in Sources */ = {isa = PBXBuildFile; fileRef = FA6B08A128462867008639E4 /* LogoutMyPageViewController.swift */; };
		FA6B08A428462867008639E4 /* LogoutMyPageViewController.xib in Resources */ = {isa = PBXBuildFile; fileRef = FA6B08A228462867008639E4 /* LogoutMyPageViewController.xib */; };
		FA6B08A82846335D008639E4 /* StoreSearchResponse.swift in Sources */ = {isa = PBXBuildFile; fileRef = FA6B08A72846335D008639E4 /* StoreSearchResponse.swift */; };
		FA6B08AA284633C3008639E4 /* WritingDataManager.swift in Sources */ = {isa = PBXBuildFile; fileRef = FA6B08A9284633C3008639E4 /* WritingDataManager.swift */; };
		FA6B08AC28466E9F008639E4 /* UICollectionViewCell.swift in Sources */ = {isa = PBXBuildFile; fileRef = FA6B08AB28466E9E008639E4 /* UICollectionViewCell.swift */; };
		FA6B08AE28466EAF008639E4 /* UITableVIewCell.swift in Sources */ = {isa = PBXBuildFile; fileRef = FA6B08AD28466EAF008639E4 /* UITableVIewCell.swift */; };
		FA6B08B028467543008639E4 /* TopListRequest.swift in Sources */ = {isa = PBXBuildFile; fileRef = FA6B08AF28467543008639E4 /* TopListRequest.swift */; };
		FA6B08B22846754E008639E4 /* StoryRequest.swift in Sources */ = {isa = PBXBuildFile; fileRef = FA6B08B12846754E008639E4 /* StoryRequest.swift */; };
		FA785C262844B58C00E88303 /* FeedRequest.swift in Sources */ = {isa = PBXBuildFile; fileRef = FA785C252844B58C00E88303 /* FeedRequest.swift */; };
		FA785C282844B59500E88303 /* FeedResponse.swift in Sources */ = {isa = PBXBuildFile; fileRef = FA785C272844B59500E88303 /* FeedResponse.swift */; };
		FA785C2A2844B5A200E88303 /* NewsDataManager.swift in Sources */ = {isa = PBXBuildFile; fileRef = FA785C292844B5A200E88303 /* NewsDataManager.swift */; };
		FA785C2D2844D6EC00E88303 /* SecondRestaurantDetailCell.swift in Sources */ = {isa = PBXBuildFile; fileRef = FA785C2B2844D6EC00E88303 /* SecondRestaurantDetailCell.swift */; };
		FA785C2E2844D6EC00E88303 /* SecondRestaurantDetailCell.xib in Resources */ = {isa = PBXBuildFile; fileRef = FA785C2C2844D6EC00E88303 /* SecondRestaurantDetailCell.xib */; };
		FA785C312844E8AD00E88303 /* ThirdRestaurantDetailCell.swift in Sources */ = {isa = PBXBuildFile; fileRef = FA785C2F2844E8AD00E88303 /* ThirdRestaurantDetailCell.swift */; };
		FA785C322844E8AD00E88303 /* ThirdRestaurantDetailCell.xib in Resources */ = {isa = PBXBuildFile; fileRef = FA785C302844E8AD00E88303 /* ThirdRestaurantDetailCell.xib */; };
		FA785C362845146700E88303 /* ReviewStoresViewController.swift in Sources */ = {isa = PBXBuildFile; fileRef = FA785C342845146700E88303 /* ReviewStoresViewController.swift */; };
		FA785C372845146700E88303 /* ReviewStoresViewController.xib in Resources */ = {isa = PBXBuildFile; fileRef = FA785C352845146700E88303 /* ReviewStoresViewController.xib */; };
		FA785C3B2845151C00E88303 /* StoreCell.swift in Sources */ = {isa = PBXBuildFile; fileRef = FA785C392845151C00E88303 /* StoreCell.swift */; };
		FA785C3C2845151C00E88303 /* StoreCell.xib in Resources */ = {isa = PBXBuildFile; fileRef = FA785C3A2845151C00E88303 /* StoreCell.xib */; };
		FA785C3F2845235E00E88303 /* SortViewController.swift in Sources */ = {isa = PBXBuildFile; fileRef = FA785C3D2845235E00E88303 /* SortViewController.swift */; };
		FA785C402845235E00E88303 /* SortViewController.xib in Resources */ = {isa = PBXBuildFile; fileRef = FA785C3E2845235E00E88303 /* SortViewController.xib */; };
		FA811D4B28391EE400CA29AF /* FirstSignUpViewController.swift in Sources */ = {isa = PBXBuildFile; fileRef = FA811D4928391EE400CA29AF /* FirstSignUpViewController.swift */; };
		FA811D4C28391EE400CA29AF /* FirstSignUpViewController.xib in Resources */ = {isa = PBXBuildFile; fileRef = FA811D4A28391EE400CA29AF /* FirstSignUpViewController.xib */; };
		FA811D4F2839299000CA29AF /* SecondSignUpViewController.swift in Sources */ = {isa = PBXBuildFile; fileRef = FA811D4D2839299000CA29AF /* SecondSignUpViewController.swift */; };
		FA811D502839299000CA29AF /* SecondSignUpViewController.xib in Resources */ = {isa = PBXBuildFile; fileRef = FA811D4E2839299000CA29AF /* SecondSignUpViewController.xib */; };
		FA829C6328424057009BB780 /* LocationAgreeViewController.swift in Sources */ = {isa = PBXBuildFile; fileRef = FA829C6128424057009BB780 /* LocationAgreeViewController.swift */; };
		FA829C6428424057009BB780 /* LocationAgreeViewController.xib in Resources */ = {isa = PBXBuildFile; fileRef = FA829C6228424057009BB780 /* LocationAgreeViewController.xib */; };
		FA829C66284251CB009BB780 /* RestaurantRequest.swift in Sources */ = {isa = PBXBuildFile; fileRef = FA829C65284251CB009BB780 /* RestaurantRequest.swift */; };
		FA829C6828425780009BB780 /* RestaurantResponse.swift in Sources */ = {isa = PBXBuildFile; fileRef = FA829C6728425780009BB780 /* RestaurantResponse.swift */; };
		FABCF0A0283B5F70008D14F5 /* User.swift in Sources */ = {isa = PBXBuildFile; fileRef = FABCF09F283B5F70008D14F5 /* User.swift */; };
		FABCF0A2283BDE5D008D14F5 /* EmailCheckRequest.swift in Sources */ = {isa = PBXBuildFile; fileRef = FABCF0A1283BDE5C008D14F5 /* EmailCheckRequest.swift */; };
		FAD7C5272839ED000093AF35 /* BaseTabBarController.swift in Sources */ = {isa = PBXBuildFile; fileRef = FAD7C5262839ED000093AF35 /* BaseTabBarController.swift */; };
		FAD7C52B283A23F20093AF35 /* RestaurantViewController.swift in Sources */ = {isa = PBXBuildFile; fileRef = FAD7C529283A23F20093AF35 /* RestaurantViewController.swift */; };
		FAD7C52C283A23F20093AF35 /* RestaurantViewController.xib in Resources */ = {isa = PBXBuildFile; fileRef = FAD7C52A283A23F20093AF35 /* RestaurantViewController.xib */; };
		FAD7C533283A26F00093AF35 /* MangoPickViewController.swift in Sources */ = {isa = PBXBuildFile; fileRef = FAD7C531283A26F00093AF35 /* MangoPickViewController.swift */; };
		FAD7C534283A26F00093AF35 /* MangoPickViewController.xib in Resources */ = {isa = PBXBuildFile; fileRef = FAD7C532283A26F00093AF35 /* MangoPickViewController.xib */; };
		FAD7C537283A26FD0093AF35 /* WritingViewController.swift in Sources */ = {isa = PBXBuildFile; fileRef = FAD7C535283A26FD0093AF35 /* WritingViewController.swift */; };
		FAD7C538283A26FD0093AF35 /* WritingViewController.xib in Resources */ = {isa = PBXBuildFile; fileRef = FAD7C536283A26FD0093AF35 /* WritingViewController.xib */; };
		FAD7C53B283A27080093AF35 /* NewsViewController.swift in Sources */ = {isa = PBXBuildFile; fileRef = FAD7C539283A27080093AF35 /* NewsViewController.swift */; };
		FAD7C53C283A27080093AF35 /* NewsViewController.xib in Resources */ = {isa = PBXBuildFile; fileRef = FAD7C53A283A27080093AF35 /* NewsViewController.xib */; };
		FAD7C53F283A27130093AF35 /* MypageViewController.swift in Sources */ = {isa = PBXBuildFile; fileRef = FAD7C53D283A27130093AF35 /* MypageViewController.swift */; };
		FAD7C540283A27130093AF35 /* MypageViewController.xib in Resources */ = {isa = PBXBuildFile; fileRef = FAD7C53E283A27130093AF35 /* MypageViewController.xib */; };
		FAD7C542283A5A310093AF35 /* UINavigationItem.swift in Sources */ = {isa = PBXBuildFile; fileRef = FAD7C541283A5A310093AF35 /* UINavigationItem.swift */; };
		FAD7C546283A799B0093AF35 /* BannerCell.swift in Sources */ = {isa = PBXBuildFile; fileRef = FAD7C544283A799B0093AF35 /* BannerCell.swift */; };
		FAD7C547283A799B0093AF35 /* BannerCell.xib in Resources */ = {isa = PBXBuildFile; fileRef = FAD7C545283A799B0093AF35 /* BannerCell.xib */; };
		FAF609FD2838B6DE00B2CD48 /* AppDelegate.swift in Sources */ = {isa = PBXBuildFile; fileRef = FAF609FC2838B6DE00B2CD48 /* AppDelegate.swift */; };
		FAF609FF2838B6DE00B2CD48 /* SceneDelegate.swift in Sources */ = {isa = PBXBuildFile; fileRef = FAF609FE2838B6DE00B2CD48 /* SceneDelegate.swift */; };
		FAF60A012838B6DE00B2CD48 /* ViewController.swift in Sources */ = {isa = PBXBuildFile; fileRef = FAF60A002838B6DE00B2CD48 /* ViewController.swift */; };
		FAF60A042838B6DE00B2CD48 /* Main.storyboard in Resources */ = {isa = PBXBuildFile; fileRef = FAF60A022838B6DE00B2CD48 /* Main.storyboard */; };
		FAF60A062838B6E000B2CD48 /* Assets.xcassets in Resources */ = {isa = PBXBuildFile; fileRef = FAF60A052838B6E000B2CD48 /* Assets.xcassets */; };
		FAF60A092838B6E000B2CD48 /* LaunchScreen.storyboard in Resources */ = {isa = PBXBuildFile; fileRef = FAF60A072838B6E000B2CD48 /* LaunchScreen.storyboard */; };
		FAF60A172838CDEF00B2CD48 /* BaseViewController.swift in Sources */ = {isa = PBXBuildFile; fileRef = FAF60A162838CDEF00B2CD48 /* BaseViewController.swift */; };
		FAF60A1A2838CE5000B2CD48 /* IndicatorView.swift in Sources */ = {isa = PBXBuildFile; fileRef = FAF60A192838CE5000B2CD48 /* IndicatorView.swift */; };
		FAF60A1C2838CE7F00B2CD48 /* Device.swift in Sources */ = {isa = PBXBuildFile; fileRef = FAF60A1B2838CE7F00B2CD48 /* Device.swift */; };
		FAF60A272838CF2100B2CD48 /* UIButton.swift in Sources */ = {isa = PBXBuildFile; fileRef = FAF60A202838CF2100B2CD48 /* UIButton.swift */; };
		FAF60A282838CF2100B2CD48 /* Date.swift in Sources */ = {isa = PBXBuildFile; fileRef = FAF60A212838CF2100B2CD48 /* Date.swift */; };
		FAF60A292838CF2100B2CD48 /* UIColor.swift in Sources */ = {isa = PBXBuildFile; fileRef = FAF60A222838CF2100B2CD48 /* UIColor.swift */; };
		FAF60A2A2838CF2100B2CD48 /* String.swift in Sources */ = {isa = PBXBuildFile; fileRef = FAF60A232838CF2100B2CD48 /* String.swift */; };
		FAF60A2B2838CF2100B2CD48 /* UIFont.swift in Sources */ = {isa = PBXBuildFile; fileRef = FAF60A242838CF2100B2CD48 /* UIFont.swift */; };
		FAF60A2C2838CF2100B2CD48 /* UINavigationBar.swift in Sources */ = {isa = PBXBuildFile; fileRef = FAF60A252838CF2100B2CD48 /* UINavigationBar.swift */; };
		FAF60A2D2838CF2100B2CD48 /* UIViewController.swift in Sources */ = {isa = PBXBuildFile; fileRef = FAF60A262838CF2100B2CD48 /* UIViewController.swift */; };
		FAF60A342838D32800B2CD48 /* SignInHomeViewController.swift in Sources */ = {isa = PBXBuildFile; fileRef = FAF60A322838D32800B2CD48 /* SignInHomeViewController.swift */; };
		FAF60A352838D32800B2CD48 /* SignInHomeViewController.xib in Resources */ = {isa = PBXBuildFile; fileRef = FAF60A332838D32800B2CD48 /* SignInHomeViewController.xib */; };
		FAF60A382838E03B00B2CD48 /* EmailSignInViewController.swift in Sources */ = {isa = PBXBuildFile; fileRef = FAF60A362838E03B00B2CD48 /* EmailSignInViewController.swift */; };
		FAF60A392838E03B00B2CD48 /* EmailSignInViewController.xib in Resources */ = {isa = PBXBuildFile; fileRef = FAF60A372838E03B00B2CD48 /* EmailSignInViewController.xib */; };
		FAF60A3B2838E14600B2CD48 /* UITextField.swift in Sources */ = {isa = PBXBuildFile; fileRef = FAF60A3A2838E14600B2CD48 /* UITextField.swift */; };
		FAF8FED0283DFD5100AE74AF /* MyPageSettingsViewController.swift in Sources */ = {isa = PBXBuildFile; fileRef = FAF8FECE283DFD5100AE74AF /* MyPageSettingsViewController.swift */; };
		FAF8FED1283DFD5100AE74AF /* MyPageSettingsViewController.xib in Resources */ = {isa = PBXBuildFile; fileRef = FAF8FECF283DFD5100AE74AF /* MyPageSettingsViewController.xib */; };
		FAF8FED8283E143600AE74AF /* MyPageSettingsCell.swift in Sources */ = {isa = PBXBuildFile; fileRef = FAF8FED6283E143600AE74AF /* MyPageSettingsCell.swift */; };
		FAF8FED9283E143600AE74AF /* MyPageSettingsCell.xib in Resources */ = {isa = PBXBuildFile; fileRef = FAF8FED7283E143600AE74AF /* MyPageSettingsCell.xib */; };
		FAF8FEDD283E1A9C00AE74AF /* EATDealViewController.swift in Sources */ = {isa = PBXBuildFile; fileRef = FAF8FEDB283E1A9C00AE74AF /* EATDealViewController.swift */; };
		FAF8FEDE283E1A9C00AE74AF /* EATDealViewController.xib in Resources */ = {isa = PBXBuildFile; fileRef = FAF8FEDC283E1A9C00AE74AF /* EATDealViewController.xib */; };
		FAF8FEE1283E1AAA00AE74AF /* StoryViewController.swift in Sources */ = {isa = PBXBuildFile; fileRef = FAF8FEDF283E1AAA00AE74AF /* StoryViewController.swift */; };
		FAF8FEE2283E1AAA00AE74AF /* StoryViewController.xib in Resources */ = {isa = PBXBuildFile; fileRef = FAF8FEE0283E1AAA00AE74AF /* StoryViewController.xib */; };
		FAF8FEE5283E1AB600AE74AF /* TopListViewController.swift in Sources */ = {isa = PBXBuildFile; fileRef = FAF8FEE3283E1AB600AE74AF /* TopListViewController.swift */; };
		FAF8FEE6283E1AB600AE74AF /* TopListViewController.xib in Resources */ = {isa = PBXBuildFile; fileRef = FAF8FEE4283E1AB600AE74AF /* TopListViewController.xib */; };
		FAF8FEEB283E280F00AE74AF /* EATDealCell.swift in Sources */ = {isa = PBXBuildFile; fileRef = FAF8FEE9283E280F00AE74AF /* EATDealCell.swift */; };
		FAF8FEEC283E280F00AE74AF /* EATDealCell.xib in Resources */ = {isa = PBXBuildFile; fileRef = FAF8FEEA283E280F00AE74AF /* EATDealCell.xib */; };
		FAF8FEEF283E38D800AE74AF /* StoryCell.swift in Sources */ = {isa = PBXBuildFile; fileRef = FAF8FEED283E38D800AE74AF /* StoryCell.swift */; };
		FAF8FEF0283E38D800AE74AF /* StoryCell.xib in Resources */ = {isa = PBXBuildFile; fileRef = FAF8FEEE283E38D800AE74AF /* StoryCell.xib */; };
/* End PBXBuildFile section */

/* Begin PBXFileReference section */
		2500C2350EEC545DDEBD7695 /* Pods-Mangoplate.release.xcconfig */ = {isa = PBXFileReference; includeInIndex = 1; lastKnownFileType = text.xcconfig; name = "Pods-Mangoplate.release.xcconfig"; path = "Target Support Files/Pods-Mangoplate/Pods-Mangoplate.release.xcconfig"; sourceTree = "<group>"; };
		6979BA6631E18AF3FCC36D51 /* Pods_Mangoplate.framework */ = {isa = PBXFileReference; explicitFileType = wrapper.framework; includeInIndex = 0; path = Pods_Mangoplate.framework; sourceTree = BUILT_PRODUCTS_DIR; };
		9A9554EF98F437EAEB7FCE8E /* Pods-Mangoplate.debug.xcconfig */ = {isa = PBXFileReference; includeInIndex = 1; lastKnownFileType = text.xcconfig; name = "Pods-Mangoplate.debug.xcconfig"; path = "Target Support Files/Pods-Mangoplate/Pods-Mangoplate.debug.xcconfig"; sourceTree = "<group>"; };
		FA1DE1DE283CFE0300A7EAEC /* MyPageTimelineCell.swift */ = {isa = PBXFileReference; lastKnownFileType = sourcecode.swift; path = MyPageTimelineCell.swift; sourceTree = "<group>"; };
		FA1DE1DF283CFE0300A7EAEC /* MyPageTimelineCell.xib */ = {isa = PBXFileReference; lastKnownFileType = file.xib; path = MyPageTimelineCell.xib; sourceTree = "<group>"; };
		FA37E91E283CC857003FAE07 /* KakaoLoginRequest.swift */ = {isa = PBXFileReference; lastKnownFileType = sourcecode.swift; path = KakaoLoginRequest.swift; sourceTree = "<group>"; };
		FA37E921283CD043003FAE07 /* MyPageProfileCell.swift */ = {isa = PBXFileReference; lastKnownFileType = sourcecode.swift; path = MyPageProfileCell.swift; sourceTree = "<group>"; };
		FA37E922283CD043003FAE07 /* MyPageProfileCell.xib */ = {isa = PBXFileReference; lastKnownFileType = file.xib; path = MyPageProfileCell.xib; sourceTree = "<group>"; };
		FA37E925283CF606003FAE07 /* MyPageMainCell.swift */ = {isa = PBXFileReference; lastKnownFileType = sourcecode.swift; path = MyPageMainCell.swift; sourceTree = "<group>"; };
		FA37E926283CF606003FAE07 /* MyPageMainCell.xib */ = {isa = PBXFileReference; lastKnownFileType = file.xib; path = MyPageMainCell.xib; sourceTree = "<group>"; };
		FA3F3E422843778800CE48B9 /* TasteCell.swift */ = {isa = PBXFileReference; lastKnownFileType = sourcecode.swift; path = TasteCell.swift; sourceTree = "<group>"; };
		FA3F3E432843778800CE48B9 /* TasteCell.xib */ = {isa = PBXFileReference; lastKnownFileType = file.xib; path = TasteCell.xib; sourceTree = "<group>"; };
		FA3F3E4628438C7500CE48B9 /* DetailRestaurantViewController.swift */ = {isa = PBXFileReference; lastKnownFileType = sourcecode.swift; path = DetailRestaurantViewController.swift; sourceTree = "<group>"; };
		FA3F3E4728438C7500CE48B9 /* DetailRestaurantViewController.xib */ = {isa = PBXFileReference; lastKnownFileType = file.xib; path = DetailRestaurantViewController.xib; sourceTree = "<group>"; };
		FA3F3E4B2843951800CE48B9 /* FirstRestaurantDetailCell.swift */ = {isa = PBXFileReference; lastKnownFileType = sourcecode.swift; path = FirstRestaurantDetailCell.swift; sourceTree = "<group>"; };
		FA3F3E4C2843951800CE48B9 /* FirstRestaurantDetailCell.xib */ = {isa = PBXFileReference; lastKnownFileType = file.xib; path = FirstRestaurantDetailCell.xib; sourceTree = "<group>"; };
		FA3F3E4F2843AEB300CE48B9 /* RestaurantImageCell.swift */ = {isa = PBXFileReference; lastKnownFileType = sourcecode.swift; path = RestaurantImageCell.swift; sourceTree = "<group>"; };
		FA3F3E502843AEB300CE48B9 /* RestaurantImageCell.xib */ = {isa = PBXFileReference; lastKnownFileType = file.xib; path = RestaurantImageCell.xib; sourceTree = "<group>"; };
		FA4C1CA7283C822C0089CDC8 /* SignInRequest.swift */ = {isa = PBXFileReference; lastKnownFileType = sourcecode.swift; path = SignInRequest.swift; sourceTree = "<group>"; };
		FA4C1CA9283C82370089CDC8 /* SignInResponse.swift */ = {isa = PBXFileReference; lastKnownFileType = sourcecode.swift; path = SignInResponse.swift; sourceTree = "<group>"; };
		FA4C1CAC283C83130089CDC8 /* SignInDataManager.swift */ = {isa = PBXFileReference; lastKnownFileType = sourcecode.swift; path = SignInDataManager.swift; sourceTree = "<group>"; };
		FA4C3B7A2841112D003AFEF2 /* NotificationName.swift */ = {isa = PBXFileReference; fileEncoding = 4; lastKnownFileType = sourcecode.swift; path = NotificationName.swift; sourceTree = "<group>"; };
		FA4C3B7D2841388C003AFEF2 /* CircularTransition.swift */ = {isa = PBXFileReference; lastKnownFileType = sourcecode.swift; path = CircularTransition.swift; sourceTree = "<group>"; };
		FA4FA60D283FBA0E00DD836A /* MyPageDataManager.swift */ = {isa = PBXFileReference; lastKnownFileType = sourcecode.swift; path = MyPageDataManager.swift; sourceTree = "<group>"; };
		FA4FA60F283FBAB500DD836A /* DeleteUserResponse.swift */ = {isa = PBXFileReference; lastKnownFileType = sourcecode.swift; path = DeleteUserResponse.swift; sourceTree = "<group>"; };
		FA50440328472E4C00A3A5E9 /* DetailRestaurantResponse.swift */ = {isa = PBXFileReference; lastKnownFileType = sourcecode.swift; path = DetailRestaurantResponse.swift; sourceTree = "<group>"; };
		FA50440528474C7F00A3A5E9 /* MyReviewController.swift */ = {isa = PBXFileReference; lastKnownFileType = sourcecode.swift; path = MyReviewController.swift; sourceTree = "<group>"; };
		FA50440628474C7F00A3A5E9 /* MyReviewController.xib */ = {isa = PBXFileReference; lastKnownFileType = file.xib; path = MyReviewController.xib; sourceTree = "<group>"; };
		FA551B6728426FD3009ADB01 /* StoryResponse.swift */ = {isa = PBXFileReference; lastKnownFileType = sourcecode.swift; path = StoryResponse.swift; sourceTree = "<group>"; };
		FA551B692842807F009ADB01 /* TopListResponse.swift */ = {isa = PBXFileReference; lastKnownFileType = sourcecode.swift; path = TopListResponse.swift; sourceTree = "<group>"; };
		FA551B6B28428AB1009ADB01 /* GetUserResponse.swift */ = {isa = PBXFileReference; lastKnownFileType = sourcecode.swift; path = GetUserResponse.swift; sourceTree = "<group>"; };
		FA570AE9283A885300BA5049 /* RestaurantCell.swift */ = {isa = PBXFileReference; lastKnownFileType = sourcecode.swift; path = RestaurantCell.swift; sourceTree = "<group>"; };
		FA570AEA283A885300BA5049 /* RestaurantCell.xib */ = {isa = PBXFileReference; lastKnownFileType = file.xib; path = RestaurantCell.xib; sourceTree = "<group>"; };
		FA570AF3283A8BC200BA5049 /* BannerSubCell.swift */ = {isa = PBXFileReference; lastKnownFileType = sourcecode.swift; path = BannerSubCell.swift; sourceTree = "<group>"; };
		FA570AF4283A8BC200BA5049 /* BannerSubCell.xib */ = {isa = PBXFileReference; lastKnownFileType = file.xib; path = BannerSubCell.xib; sourceTree = "<group>"; };
		FA570AF8283A9E5100BA5049 /* SortingCell.swift */ = {isa = PBXFileReference; lastKnownFileType = sourcecode.swift; path = SortingCell.swift; sourceTree = "<group>"; };
		FA570AF9283A9E5100BA5049 /* SortingCell.xib */ = {isa = PBXFileReference; lastKnownFileType = file.xib; path = SortingCell.xib; sourceTree = "<group>"; };
		FA597E0628408AE00072CA47 /* DetailAreaViewController.swift */ = {isa = PBXFileReference; lastKnownFileType = sourcecode.swift; path = DetailAreaViewController.swift; sourceTree = "<group>"; };
		FA597E0728408AE00072CA47 /* DetailAreaViewController.xib */ = {isa = PBXFileReference; lastKnownFileType = file.xib; path = DetailAreaViewController.xib; sourceTree = "<group>"; };
		FA597E0A2840BDF40072CA47 /* AreaTabmanViewController.swift */ = {isa = PBXFileReference; lastKnownFileType = sourcecode.swift; path = AreaTabmanViewController.swift; sourceTree = "<group>"; };
		FA597E0B2840BDF40072CA47 /* AreaTabmanViewController.xib */ = {isa = PBXFileReference; lastKnownFileType = file.xib; path = AreaTabmanViewController.xib; sourceTree = "<group>"; };
		FA597E112840CC980072CA47 /* AreaCell.swift */ = {isa = PBXFileReference; lastKnownFileType = sourcecode.swift; path = AreaCell.swift; sourceTree = "<group>"; };
		FA597E122840CC980072CA47 /* AreaCell.xib */ = {isa = PBXFileReference; lastKnownFileType = file.xib; path = AreaCell.xib; sourceTree = "<group>"; };
		FA5C5C73283E61CE0071C7BF /* TopListCell.swift */ = {isa = PBXFileReference; lastKnownFileType = sourcecode.swift; path = TopListCell.swift; sourceTree = "<group>"; };
		FA5C5C74283E61CE0071C7BF /* TopListCell.xib */ = {isa = PBXFileReference; lastKnownFileType = file.xib; path = TopListCell.xib; sourceTree = "<group>"; };
		FA600B0A283F47320044F5BA /* RestaurantDataManager.swift */ = {isa = PBXFileReference; lastKnownFileType = sourcecode.swift; path = RestaurantDataManager.swift; sourceTree = "<group>"; };
		FA600B0E283F47790044F5BA /* AreasResponse.swift */ = {isa = PBXFileReference; lastKnownFileType = sourcecode.swift; path = AreasResponse.swift; sourceTree = "<group>"; };
		FA60386B28425BC500C0DFC4 /* UIImageView.swift */ = {isa = PBXFileReference; lastKnownFileType = sourcecode.swift; path = UIImageView.swift; sourceTree = "<group>"; };
		FA60386F2842658A00C0DFC4 /* EATDealResponse.swift */ = {isa = PBXFileReference; lastKnownFileType = sourcecode.swift; path = EATDealResponse.swift; sourceTree = "<group>"; };
		FA6038712842660100C0DFC4 /* MangoPickDataManager.swift */ = {isa = PBXFileReference; lastKnownFileType = sourcecode.swift; path = MangoPickDataManager.swift; sourceTree = "<group>"; };
		FA617A58283F83C500F8E59C /* AreasViewController.swift */ = {isa = PBXFileReference; lastKnownFileType = sourcecode.swift; path = AreasViewController.swift; sourceTree = "<group>"; };
		FA617A59283F83C500F8E59C /* AreasViewController.xib */ = {isa = PBXFileReference; lastKnownFileType = file.xib; path = AreasViewController.xib; sourceTree = "<group>"; };
		FA617A5C283F9D3F00F8E59C /* UserDeleteViewController.swift */ = {isa = PBXFileReference; lastKnownFileType = sourcecode.swift; path = UserDeleteViewController.swift; sourceTree = "<group>"; };
		FA617A5D283F9D3F00F8E59C /* UserDeleteViewController.xib */ = {isa = PBXFileReference; lastKnownFileType = file.xib; path = UserDeleteViewController.xib; sourceTree = "<group>"; };
		FA665A03283B4EBD00E807F1 /* SignUpResponse.swift */ = {isa = PBXFileReference; lastKnownFileType = sourcecode.swift; path = SignUpResponse.swift; sourceTree = "<group>"; };
		FA665A05283B561000E807F1 /* SignUpRequest.swift */ = {isa = PBXFileReference; lastKnownFileType = sourcecode.swift; path = SignUpRequest.swift; sourceTree = "<group>"; };
		FA665A07283B596100E807F1 /* SignUpDataManager.swift */ = {isa = PBXFileReference; lastKnownFileType = sourcecode.swift; path = SignUpDataManager.swift; sourceTree = "<group>"; };
		FA665A09283B5A5E00E807F1 /* Constant.swift */ = {isa = PBXFileReference; lastKnownFileType = sourcecode.swift; path = Constant.swift; sourceTree = "<group>"; };
		FA666BC428434B4300DAB919 /* AllViewController.swift */ = {isa = PBXFileReference; lastKnownFileType = sourcecode.swift; path = AllViewController.swift; sourceTree = "<group>"; };
		FA666BC528434B4300DAB919 /* AllViewController.xib */ = {isa = PBXFileReference; lastKnownFileType = file.xib; path = AllViewController.xib; sourceTree = "<group>"; };
		FA666BC828434B5000DAB919 /* FollowingViewController.swift */ = {isa = PBXFileReference; lastKnownFileType = sourcecode.swift; path = FollowingViewController.swift; sourceTree = "<group>"; };
		FA666BC928434B5000DAB919 /* FollowingViewController.xib */ = {isa = PBXFileReference; lastKnownFileType = file.xib; path = FollowingViewController.xib; sourceTree = "<group>"; };
		FA666BCC28434B6100DAB919 /* HolicViewController.swift */ = {isa = PBXFileReference; lastKnownFileType = sourcecode.swift; path = HolicViewController.swift; sourceTree = "<group>"; };
		FA666BCD28434B6100DAB919 /* HolicViewController.xib */ = {isa = PBXFileReference; lastKnownFileType = file.xib; path = HolicViewController.xib; sourceTree = "<group>"; };
		FA666BD1284356DC00DAB919 /* NewsCell.swift */ = {isa = PBXFileReference; lastKnownFileType = sourcecode.swift; path = NewsCell.swift; sourceTree = "<group>"; };
		FA666BD2284356DC00DAB919 /* NewsCell.xib */ = {isa = PBXFileReference; lastKnownFileType = file.xib; path = NewsCell.xib; sourceTree = "<group>"; };
		FA666BD5284366B200DAB919 /* ImageCell.swift */ = {isa = PBXFileReference; lastKnownFileType = sourcecode.swift; path = ImageCell.swift; sourceTree = "<group>"; };
		FA666BD6284366B200DAB919 /* ImageCell.xib */ = {isa = PBXFileReference; lastKnownFileType = file.xib; path = ImageCell.xib; sourceTree = "<group>"; };
		FA6B08932845F9FD008639E4 /* CustomGalleryViewController.swift */ = {isa = PBXFileReference; lastKnownFileType = sourcecode.swift; path = CustomGalleryViewController.swift; sourceTree = "<group>"; };
		FA6B08942845F9FD008639E4 /* CustomGalleryViewController.xib */ = {isa = PBXFileReference; lastKnownFileType = file.xib; path = CustomGalleryViewController.xib; sourceTree = "<group>"; };
		FA6B08972845FAC4008639E4 /* CustomGalleryCell.swift */ = {isa = PBXFileReference; lastKnownFileType = sourcecode.swift; path = CustomGalleryCell.swift; sourceTree = "<group>"; };
		FA6B08982845FAC4008639E4 /* CustomGalleryCell.xib */ = {isa = PBXFileReference; lastKnownFileType = file.xib; path = CustomGalleryCell.xib; sourceTree = "<group>"; };
		FA6B089B2846077C008639E4 /* Review.swift */ = {isa = PBXFileReference; lastKnownFileType = sourcecode.swift; path = Review.swift; sourceTree = "<group>"; };
		FA6B089D28461329008639E4 /* ReviewWritingViewController.swift */ = {isa = PBXFileReference; lastKnownFileType = sourcecode.swift; path = ReviewWritingViewController.swift; sourceTree = "<group>"; };
		FA6B089E28461329008639E4 /* ReviewWritingViewController.xib */ = {isa = PBXFileReference; lastKnownFileType = file.xib; path = ReviewWritingViewController.xib; sourceTree = "<group>"; };
		FA6B08A128462867008639E4 /* LogoutMyPageViewController.swift */ = {isa = PBXFileReference; lastKnownFileType = sourcecode.swift; path = LogoutMyPageViewController.swift; sourceTree = "<group>"; };
		FA6B08A228462867008639E4 /* LogoutMyPageViewController.xib */ = {isa = PBXFileReference; lastKnownFileType = file.xib; path = LogoutMyPageViewController.xib; sourceTree = "<group>"; };
		FA6B08A72846335D008639E4 /* StoreSearchResponse.swift */ = {isa = PBXFileReference; lastKnownFileType = sourcecode.swift; name = StoreSearchResponse.swift; path = ../../../../../../../../Documents/StoreSearchResponse.swift; sourceTree = "<group>"; };
		FA6B08A9284633C3008639E4 /* WritingDataManager.swift */ = {isa = PBXFileReference; lastKnownFileType = sourcecode.swift; path = WritingDataManager.swift; sourceTree = "<group>"; };
		FA6B08AB28466E9E008639E4 /* UICollectionViewCell.swift */ = {isa = PBXFileReference; lastKnownFileType = sourcecode.swift; path = UICollectionViewCell.swift; sourceTree = "<group>"; };
		FA6B08AD28466EAF008639E4 /* UITableVIewCell.swift */ = {isa = PBXFileReference; lastKnownFileType = sourcecode.swift; path = UITableVIewCell.swift; sourceTree = "<group>"; };
		FA6B08AF28467543008639E4 /* TopListRequest.swift */ = {isa = PBXFileReference; lastKnownFileType = sourcecode.swift; path = TopListRequest.swift; sourceTree = "<group>"; };
		FA6B08B12846754E008639E4 /* StoryRequest.swift */ = {isa = PBXFileReference; lastKnownFileType = sourcecode.swift; path = StoryRequest.swift; sourceTree = "<group>"; };
		FA785C252844B58C00E88303 /* FeedRequest.swift */ = {isa = PBXFileReference; lastKnownFileType = sourcecode.swift; name = FeedRequest.swift; path = ../../../../../../../../Documents/FeedRequest.swift; sourceTree = "<group>"; };
		FA785C272844B59500E88303 /* FeedResponse.swift */ = {isa = PBXFileReference; lastKnownFileType = sourcecode.swift; name = FeedResponse.swift; path = ../../../../../../../../Documents/FeedResponse.swift; sourceTree = "<group>"; };
		FA785C292844B5A200E88303 /* NewsDataManager.swift */ = {isa = PBXFileReference; lastKnownFileType = sourcecode.swift; path = NewsDataManager.swift; sourceTree = "<group>"; };
		FA785C2B2844D6EC00E88303 /* SecondRestaurantDetailCell.swift */ = {isa = PBXFileReference; lastKnownFileType = sourcecode.swift; path = SecondRestaurantDetailCell.swift; sourceTree = "<group>"; };
		FA785C2C2844D6EC00E88303 /* SecondRestaurantDetailCell.xib */ = {isa = PBXFileReference; lastKnownFileType = file.xib; path = SecondRestaurantDetailCell.xib; sourceTree = "<group>"; };
		FA785C2F2844E8AD00E88303 /* ThirdRestaurantDetailCell.swift */ = {isa = PBXFileReference; lastKnownFileType = sourcecode.swift; path = ThirdRestaurantDetailCell.swift; sourceTree = "<group>"; };
		FA785C302844E8AD00E88303 /* ThirdRestaurantDetailCell.xib */ = {isa = PBXFileReference; lastKnownFileType = file.xib; path = ThirdRestaurantDetailCell.xib; sourceTree = "<group>"; };
		FA785C342845146700E88303 /* ReviewStoresViewController.swift */ = {isa = PBXFileReference; lastKnownFileType = sourcecode.swift; path = ReviewStoresViewController.swift; sourceTree = "<group>"; };
		FA785C352845146700E88303 /* ReviewStoresViewController.xib */ = {isa = PBXFileReference; lastKnownFileType = file.xib; path = ReviewStoresViewController.xib; sourceTree = "<group>"; };
		FA785C392845151C00E88303 /* StoreCell.swift */ = {isa = PBXFileReference; lastKnownFileType = sourcecode.swift; path = StoreCell.swift; sourceTree = "<group>"; };
		FA785C3A2845151C00E88303 /* StoreCell.xib */ = {isa = PBXFileReference; lastKnownFileType = file.xib; path = StoreCell.xib; sourceTree = "<group>"; };
		FA785C3D2845235E00E88303 /* SortViewController.swift */ = {isa = PBXFileReference; lastKnownFileType = sourcecode.swift; path = SortViewController.swift; sourceTree = "<group>"; };
		FA785C3E2845235E00E88303 /* SortViewController.xib */ = {isa = PBXFileReference; lastKnownFileType = file.xib; path = SortViewController.xib; sourceTree = "<group>"; };
		FA811D4928391EE400CA29AF /* FirstSignUpViewController.swift */ = {isa = PBXFileReference; lastKnownFileType = sourcecode.swift; path = FirstSignUpViewController.swift; sourceTree = "<group>"; };
		FA811D4A28391EE400CA29AF /* FirstSignUpViewController.xib */ = {isa = PBXFileReference; lastKnownFileType = file.xib; path = FirstSignUpViewController.xib; sourceTree = "<group>"; };
		FA811D4D2839299000CA29AF /* SecondSignUpViewController.swift */ = {isa = PBXFileReference; lastKnownFileType = sourcecode.swift; path = SecondSignUpViewController.swift; sourceTree = "<group>"; };
		FA811D4E2839299000CA29AF /* SecondSignUpViewController.xib */ = {isa = PBXFileReference; lastKnownFileType = file.xib; path = SecondSignUpViewController.xib; sourceTree = "<group>"; };
		FA829C6128424057009BB780 /* LocationAgreeViewController.swift */ = {isa = PBXFileReference; lastKnownFileType = sourcecode.swift; path = LocationAgreeViewController.swift; sourceTree = "<group>"; };
		FA829C6228424057009BB780 /* LocationAgreeViewController.xib */ = {isa = PBXFileReference; lastKnownFileType = file.xib; path = LocationAgreeViewController.xib; sourceTree = "<group>"; };
		FA829C65284251CB009BB780 /* RestaurantRequest.swift */ = {isa = PBXFileReference; lastKnownFileType = sourcecode.swift; path = RestaurantRequest.swift; sourceTree = "<group>"; };
		FA829C6728425780009BB780 /* RestaurantResponse.swift */ = {isa = PBXFileReference; lastKnownFileType = sourcecode.swift; path = RestaurantResponse.swift; sourceTree = "<group>"; };
		FABCF09F283B5F70008D14F5 /* User.swift */ = {isa = PBXFileReference; fileEncoding = 4; lastKnownFileType = sourcecode.swift; path = User.swift; sourceTree = "<group>"; };
		FABCF0A1283BDE5C008D14F5 /* EmailCheckRequest.swift */ = {isa = PBXFileReference; lastKnownFileType = sourcecode.swift; path = EmailCheckRequest.swift; sourceTree = "<group>"; };
		FAD7C5262839ED000093AF35 /* BaseTabBarController.swift */ = {isa = PBXFileReference; lastKnownFileType = sourcecode.swift; path = BaseTabBarController.swift; sourceTree = "<group>"; };
		FAD7C529283A23F20093AF35 /* RestaurantViewController.swift */ = {isa = PBXFileReference; lastKnownFileType = sourcecode.swift; path = RestaurantViewController.swift; sourceTree = "<group>"; };
		FAD7C52A283A23F20093AF35 /* RestaurantViewController.xib */ = {isa = PBXFileReference; lastKnownFileType = file.xib; path = RestaurantViewController.xib; sourceTree = "<group>"; };
		FAD7C531283A26F00093AF35 /* MangoPickViewController.swift */ = {isa = PBXFileReference; lastKnownFileType = sourcecode.swift; path = MangoPickViewController.swift; sourceTree = "<group>"; };
		FAD7C532283A26F00093AF35 /* MangoPickViewController.xib */ = {isa = PBXFileReference; lastKnownFileType = file.xib; path = MangoPickViewController.xib; sourceTree = "<group>"; };
		FAD7C535283A26FD0093AF35 /* WritingViewController.swift */ = {isa = PBXFileReference; lastKnownFileType = sourcecode.swift; path = WritingViewController.swift; sourceTree = "<group>"; };
		FAD7C536283A26FD0093AF35 /* WritingViewController.xib */ = {isa = PBXFileReference; lastKnownFileType = file.xib; path = WritingViewController.xib; sourceTree = "<group>"; };
		FAD7C539283A27080093AF35 /* NewsViewController.swift */ = {isa = PBXFileReference; lastKnownFileType = sourcecode.swift; path = NewsViewController.swift; sourceTree = "<group>"; };
		FAD7C53A283A27080093AF35 /* NewsViewController.xib */ = {isa = PBXFileReference; lastKnownFileType = file.xib; path = NewsViewController.xib; sourceTree = "<group>"; };
		FAD7C53D283A27130093AF35 /* MypageViewController.swift */ = {isa = PBXFileReference; lastKnownFileType = sourcecode.swift; path = MypageViewController.swift; sourceTree = "<group>"; };
		FAD7C53E283A27130093AF35 /* MypageViewController.xib */ = {isa = PBXFileReference; lastKnownFileType = file.xib; path = MypageViewController.xib; sourceTree = "<group>"; };
		FAD7C541283A5A310093AF35 /* UINavigationItem.swift */ = {isa = PBXFileReference; lastKnownFileType = sourcecode.swift; path = UINavigationItem.swift; sourceTree = "<group>"; };
		FAD7C544283A799B0093AF35 /* BannerCell.swift */ = {isa = PBXFileReference; lastKnownFileType = sourcecode.swift; path = BannerCell.swift; sourceTree = "<group>"; };
		FAD7C545283A799B0093AF35 /* BannerCell.xib */ = {isa = PBXFileReference; lastKnownFileType = file.xib; path = BannerCell.xib; sourceTree = "<group>"; };
		FAF609F92838B6DE00B2CD48 /* Mangoplate.app */ = {isa = PBXFileReference; explicitFileType = wrapper.application; includeInIndex = 0; path = Mangoplate.app; sourceTree = BUILT_PRODUCTS_DIR; };
		FAF609FC2838B6DE00B2CD48 /* AppDelegate.swift */ = {isa = PBXFileReference; lastKnownFileType = sourcecode.swift; path = AppDelegate.swift; sourceTree = "<group>"; };
		FAF609FE2838B6DE00B2CD48 /* SceneDelegate.swift */ = {isa = PBXFileReference; lastKnownFileType = sourcecode.swift; path = SceneDelegate.swift; sourceTree = "<group>"; };
		FAF60A002838B6DE00B2CD48 /* ViewController.swift */ = {isa = PBXFileReference; lastKnownFileType = sourcecode.swift; path = ViewController.swift; sourceTree = "<group>"; };
		FAF60A032838B6DE00B2CD48 /* Base */ = {isa = PBXFileReference; lastKnownFileType = file.storyboard; name = Base; path = Base.lproj/Main.storyboard; sourceTree = "<group>"; };
		FAF60A052838B6E000B2CD48 /* Assets.xcassets */ = {isa = PBXFileReference; lastKnownFileType = folder.assetcatalog; path = Assets.xcassets; sourceTree = "<group>"; };
		FAF60A082838B6E000B2CD48 /* Base */ = {isa = PBXFileReference; lastKnownFileType = file.storyboard; name = Base; path = Base.lproj/LaunchScreen.storyboard; sourceTree = "<group>"; };
		FAF60A0A2838B6E000B2CD48 /* Info.plist */ = {isa = PBXFileReference; lastKnownFileType = text.plist.xml; path = Info.plist; sourceTree = "<group>"; };
		FAF60A122838CDCA00B2CD48 /* NotoSansCJKkr-Bold.otf */ = {isa = PBXFileReference; lastKnownFileType = file; path = "NotoSansCJKkr-Bold.otf"; sourceTree = "<group>"; };
		FAF60A132838CDCB00B2CD48 /* NotoSansCJKkr-Regular.otf */ = {isa = PBXFileReference; lastKnownFileType = file; path = "NotoSansCJKkr-Regular.otf"; sourceTree = "<group>"; };
		FAF60A142838CDCB00B2CD48 /* NotoSansCJKkr-Medium.otf */ = {isa = PBXFileReference; lastKnownFileType = file; path = "NotoSansCJKkr-Medium.otf"; sourceTree = "<group>"; };
		FAF60A162838CDEF00B2CD48 /* BaseViewController.swift */ = {isa = PBXFileReference; lastKnownFileType = sourcecode.swift; path = BaseViewController.swift; sourceTree = "<group>"; };
		FAF60A192838CE5000B2CD48 /* IndicatorView.swift */ = {isa = PBXFileReference; lastKnownFileType = sourcecode.swift; path = IndicatorView.swift; sourceTree = "<group>"; };
		FAF60A1B2838CE7F00B2CD48 /* Device.swift */ = {isa = PBXFileReference; lastKnownFileType = sourcecode.swift; path = Device.swift; sourceTree = "<group>"; };
		FAF60A202838CF2100B2CD48 /* UIButton.swift */ = {isa = PBXFileReference; fileEncoding = 4; lastKnownFileType = sourcecode.swift; path = UIButton.swift; sourceTree = "<group>"; };
		FAF60A212838CF2100B2CD48 /* Date.swift */ = {isa = PBXFileReference; fileEncoding = 4; lastKnownFileType = sourcecode.swift; path = Date.swift; sourceTree = "<group>"; };
		FAF60A222838CF2100B2CD48 /* UIColor.swift */ = {isa = PBXFileReference; fileEncoding = 4; lastKnownFileType = sourcecode.swift; path = UIColor.swift; sourceTree = "<group>"; };
		FAF60A232838CF2100B2CD48 /* String.swift */ = {isa = PBXFileReference; fileEncoding = 4; lastKnownFileType = sourcecode.swift; path = String.swift; sourceTree = "<group>"; };
		FAF60A242838CF2100B2CD48 /* UIFont.swift */ = {isa = PBXFileReference; fileEncoding = 4; lastKnownFileType = sourcecode.swift; path = UIFont.swift; sourceTree = "<group>"; };
		FAF60A252838CF2100B2CD48 /* UINavigationBar.swift */ = {isa = PBXFileReference; fileEncoding = 4; lastKnownFileType = sourcecode.swift; path = UINavigationBar.swift; sourceTree = "<group>"; };
		FAF60A262838CF2100B2CD48 /* UIViewController.swift */ = {isa = PBXFileReference; fileEncoding = 4; lastKnownFileType = sourcecode.swift; path = UIViewController.swift; sourceTree = "<group>"; };
		FAF60A322838D32800B2CD48 /* SignInHomeViewController.swift */ = {isa = PBXFileReference; lastKnownFileType = sourcecode.swift; path = SignInHomeViewController.swift; sourceTree = "<group>"; };
		FAF60A332838D32800B2CD48 /* SignInHomeViewController.xib */ = {isa = PBXFileReference; lastKnownFileType = file.xib; path = SignInHomeViewController.xib; sourceTree = "<group>"; };
		FAF60A362838E03B00B2CD48 /* EmailSignInViewController.swift */ = {isa = PBXFileReference; lastKnownFileType = sourcecode.swift; path = EmailSignInViewController.swift; sourceTree = "<group>"; };
		FAF60A372838E03B00B2CD48 /* EmailSignInViewController.xib */ = {isa = PBXFileReference; lastKnownFileType = file.xib; path = EmailSignInViewController.xib; sourceTree = "<group>"; };
		FAF60A3A2838E14600B2CD48 /* UITextField.swift */ = {isa = PBXFileReference; lastKnownFileType = sourcecode.swift; path = UITextField.swift; sourceTree = "<group>"; };
		FAF8FECE283DFD5100AE74AF /* MyPageSettingsViewController.swift */ = {isa = PBXFileReference; lastKnownFileType = sourcecode.swift; path = MyPageSettingsViewController.swift; sourceTree = "<group>"; };
		FAF8FECF283DFD5100AE74AF /* MyPageSettingsViewController.xib */ = {isa = PBXFileReference; lastKnownFileType = file.xib; path = MyPageSettingsViewController.xib; sourceTree = "<group>"; };
		FAF8FED6283E143600AE74AF /* MyPageSettingsCell.swift */ = {isa = PBXFileReference; lastKnownFileType = sourcecode.swift; path = MyPageSettingsCell.swift; sourceTree = "<group>"; };
		FAF8FED7283E143600AE74AF /* MyPageSettingsCell.xib */ = {isa = PBXFileReference; lastKnownFileType = file.xib; path = MyPageSettingsCell.xib; sourceTree = "<group>"; };
		FAF8FEDB283E1A9C00AE74AF /* EATDealViewController.swift */ = {isa = PBXFileReference; lastKnownFileType = sourcecode.swift; path = EATDealViewController.swift; sourceTree = "<group>"; };
		FAF8FEDC283E1A9C00AE74AF /* EATDealViewController.xib */ = {isa = PBXFileReference; lastKnownFileType = file.xib; path = EATDealViewController.xib; sourceTree = "<group>"; };
		FAF8FEDF283E1AAA00AE74AF /* StoryViewController.swift */ = {isa = PBXFileReference; lastKnownFileType = sourcecode.swift; path = StoryViewController.swift; sourceTree = "<group>"; };
		FAF8FEE0283E1AAA00AE74AF /* StoryViewController.xib */ = {isa = PBXFileReference; lastKnownFileType = file.xib; path = StoryViewController.xib; sourceTree = "<group>"; };
		FAF8FEE3283E1AB600AE74AF /* TopListViewController.swift */ = {isa = PBXFileReference; lastKnownFileType = sourcecode.swift; path = TopListViewController.swift; sourceTree = "<group>"; };
		FAF8FEE4283E1AB600AE74AF /* TopListViewController.xib */ = {isa = PBXFileReference; lastKnownFileType = file.xib; path = TopListViewController.xib; sourceTree = "<group>"; };
		FAF8FEE9283E280F00AE74AF /* EATDealCell.swift */ = {isa = PBXFileReference; lastKnownFileType = sourcecode.swift; path = EATDealCell.swift; sourceTree = "<group>"; };
		FAF8FEEA283E280F00AE74AF /* EATDealCell.xib */ = {isa = PBXFileReference; lastKnownFileType = file.xib; path = EATDealCell.xib; sourceTree = "<group>"; };
		FAF8FEED283E38D800AE74AF /* StoryCell.swift */ = {isa = PBXFileReference; lastKnownFileType = sourcecode.swift; path = StoryCell.swift; sourceTree = "<group>"; };
		FAF8FEEE283E38D800AE74AF /* StoryCell.xib */ = {isa = PBXFileReference; lastKnownFileType = file.xib; path = StoryCell.xib; sourceTree = "<group>"; };
/* End PBXFileReference section */

/* Begin PBXFrameworksBuildPhase section */
		FAF609F62838B6DE00B2CD48 /* Frameworks */ = {
			isa = PBXFrameworksBuildPhase;
			buildActionMask = 2147483647;
			files = (
				A46771D4B7A586133344DD1A /* Pods_Mangoplate.framework in Frameworks */,
			);
			runOnlyForDeploymentPostprocessing = 0;
		};
/* End PBXFrameworksBuildPhase section */

/* Begin PBXGroup section */
		7AE0F8AE9C384A51351A7D10 /* Frameworks */ = {
			isa = PBXGroup;
			children = (
				6979BA6631E18AF3FCC36D51 /* Pods_Mangoplate.framework */,
			);
			name = Frameworks;
			sourceTree = "<group>";
		};
		E41730932EA7BFF0A9B54460 /* Pods */ = {
			isa = PBXGroup;
			children = (
				9A9554EF98F437EAEB7FCE8E /* Pods-Mangoplate.debug.xcconfig */,
				2500C2350EEC545DDEBD7695 /* Pods-Mangoplate.release.xcconfig */,
			);
			path = Pods;
			sourceTree = "<group>";
		};
		FA37E920283CD01C003FAE07 /* Cell */ = {
			isa = PBXGroup;
			children = (
				FA37E921283CD043003FAE07 /* MyPageProfileCell.swift */,
				FA37E925283CF606003FAE07 /* MyPageMainCell.swift */,
				FA1DE1DE283CFE0300A7EAEC /* MyPageTimelineCell.swift */,
				FAF8FED6283E143600AE74AF /* MyPageSettingsCell.swift */,
				FA37E922283CD043003FAE07 /* MyPageProfileCell.xib */,
				FA37E926283CF606003FAE07 /* MyPageMainCell.xib */,
				FA1DE1DF283CFE0300A7EAEC /* MyPageTimelineCell.xib */,
				FAF8FED7283E143600AE74AF /* MyPageSettingsCell.xib */,
				FA617A60283FAC2800F8E59C /* Entity */,
				FA617A61283FAC3100F8E59C /* DataManager */,
			);
			path = Cell;
			sourceTree = "<group>";
		};
		FA3F3E4A284394E400CE48B9 /* DetailRestaurant */ = {
			isa = PBXGroup;
			children = (
				FA3F3E4F2843AEB300CE48B9 /* RestaurantImageCell.swift */,
				FA3F3E4B2843951800CE48B9 /* FirstRestaurantDetailCell.swift */,
				FA785C2B2844D6EC00E88303 /* SecondRestaurantDetailCell.swift */,
				FA785C2F2844E8AD00E88303 /* ThirdRestaurantDetailCell.swift */,
				FA3F3E502843AEB300CE48B9 /* RestaurantImageCell.xib */,
				FA3F3E4C2843951800CE48B9 /* FirstRestaurantDetailCell.xib */,
				FA785C2C2844D6EC00E88303 /* SecondRestaurantDetailCell.xib */,
				FA785C302844E8AD00E88303 /* ThirdRestaurantDetailCell.xib */,
			);
			path = DetailRestaurant;
			sourceTree = "<group>";
		};
		FA4C1CAB283C83000089CDC8 /* DataManager */ = {
			isa = PBXGroup;
			children = (
				FA4C1CAC283C83130089CDC8 /* SignInDataManager.swift */,
			);
			path = DataManager;
			sourceTree = "<group>";
		};
		FA4C3B7C2841387F003AFEF2 /* Class */ = {
			isa = PBXGroup;
			children = (
				FA4C3B7D2841388C003AFEF2 /* CircularTransition.swift */,
				FA6B089B2846077C008639E4 /* Review.swift */,
			);
			path = Class;
			sourceTree = "<group>";
		};
		FA570AF1283A8AC100BA5049 /* Banner */ = {
			isa = PBXGroup;
			children = (
				FAD7C544283A799B0093AF35 /* BannerCell.swift */,
				FAD7C545283A799B0093AF35 /* BannerCell.xib */,
				FA570AF3283A8BC200BA5049 /* BannerSubCell.swift */,
				FA570AF4283A8BC200BA5049 /* BannerSubCell.xib */,
			);
			path = Banner;
			sourceTree = "<group>";
		};
		FA570AF2283A8AD000BA5049 /* Restaurant */ = {
			isa = PBXGroup;
			children = (
				FA570AE9283A885300BA5049 /* RestaurantCell.swift */,
				FA570AEA283A885300BA5049 /* RestaurantCell.xib */,
			);
			path = Restaurant;
			sourceTree = "<group>";
		};
		FA570AF7283A9E3F00BA5049 /* Sorting */ = {
			isa = PBXGroup;
			children = (
				FA570AF8283A9E5100BA5049 /* SortingCell.swift */,
				FA570AF9283A9E5100BA5049 /* SortingCell.xib */,
			);
			path = Sorting;
			sourceTree = "<group>";
		};
		FA597E0E2840CC340072CA47 /* Area */ = {
			isa = PBXGroup;
			children = (
				FA597E0F2840CC430072CA47 /* Controller */,
			);
			path = Area;
			sourceTree = "<group>";
		};
		FA597E0F2840CC430072CA47 /* Controller */ = {
			isa = PBXGroup;
			children = (
				FA597E102840CC860072CA47 /* Cell */,
				FA617A58283F83C500F8E59C /* AreasViewController.swift */,
				FA597E0A2840BDF40072CA47 /* AreaTabmanViewController.swift */,
				FA597E0628408AE00072CA47 /* DetailAreaViewController.swift */,
				FA829C6128424057009BB780 /* LocationAgreeViewController.swift */,
				FA617A59283F83C500F8E59C /* AreasViewController.xib */,
				FA597E0B2840BDF40072CA47 /* AreaTabmanViewController.xib */,
				FA597E0728408AE00072CA47 /* DetailAreaViewController.xib */,
				FA829C6228424057009BB780 /* LocationAgreeViewController.xib */,
			);
			path = Controller;
			sourceTree = "<group>";
		};
		FA597E102840CC860072CA47 /* Cell */ = {
			isa = PBXGroup;
			children = (
				FA597E112840CC980072CA47 /* AreaCell.swift */,
				FA597E122840CC980072CA47 /* AreaCell.xib */,
			);
			path = Cell;
			sourceTree = "<group>";
		};
		FA600B0C283F47380044F5BA /* Entity */ = {
			isa = PBXGroup;
			children = (
				FA600B0E283F47790044F5BA /* AreasResponse.swift */,
				FA829C65284251CB009BB780 /* RestaurantRequest.swift */,
				FA829C6728425780009BB780 /* RestaurantResponse.swift */,
				FA50440328472E4C00A3A5E9 /* DetailRestaurantResponse.swift */,
			);
			path = Entity;
			sourceTree = "<group>";
		};
		FA600B0D283F47410044F5BA /* DataManager */ = {
			isa = PBXGroup;
			children = (
				FA600B0A283F47320044F5BA /* RestaurantDataManager.swift */,
			);
			path = DataManager;
			sourceTree = "<group>";
		};
		FA60386D2842655C00C0DFC4 /* Entity */ = {
			isa = PBXGroup;
			children = (
				FA60386F2842658A00C0DFC4 /* EATDealResponse.swift */,
				FA551B6728426FD3009ADB01 /* StoryResponse.swift */,
				FA551B692842807F009ADB01 /* TopListResponse.swift */,
				FA6B08AF28467543008639E4 /* TopListRequest.swift */,
				FA6B08B12846754E008639E4 /* StoryRequest.swift */,
			);
			path = Entity;
			sourceTree = "<group>";
		};
		FA60386E2842656C00C0DFC4 /* DataManager */ = {
			isa = PBXGroup;
			children = (
				FA6038712842660100C0DFC4 /* MangoPickDataManager.swift */,
			);
			path = DataManager;
			sourceTree = "<group>";
		};
		FA617A60283FAC2800F8E59C /* Entity */ = {
			isa = PBXGroup;
			children = (
				FA4FA60F283FBAB500DD836A /* DeleteUserResponse.swift */,
				FA551B6B28428AB1009ADB01 /* GetUserResponse.swift */,
			);
			path = Entity;
			sourceTree = "<group>";
		};
		FA617A61283FAC3100F8E59C /* DataManager */ = {
			isa = PBXGroup;
			children = (
				FA4FA60D283FBA0E00DD836A /* MyPageDataManager.swift */,
			);
			path = DataManager;
			sourceTree = "<group>";
		};
		FA665A00283B4E4B00E807F1 /* Entity */ = {
			isa = PBXGroup;
			children = (
				FA4C1CA7283C822C0089CDC8 /* SignInRequest.swift */,
				FA4C1CA9283C82370089CDC8 /* SignInResponse.swift */,
				FA37E91E283CC857003FAE07 /* KakaoLoginRequest.swift */,
			);
			path = Entity;
			sourceTree = "<group>";
		};
		FA665A01283B4E5B00E807F1 /* Entity */ = {
			isa = PBXGroup;
			children = (
				FA665A03283B4EBD00E807F1 /* SignUpResponse.swift */,
				FA665A05283B561000E807F1 /* SignUpRequest.swift */,
				FABCF0A1283BDE5C008D14F5 /* EmailCheckRequest.swift */,
			);
			path = Entity;
			sourceTree = "<group>";
		};
		FA665A0B283B5DBC00E807F1 /* DataManager */ = {
			isa = PBXGroup;
			children = (
				FA665A07283B596100E807F1 /* SignUpDataManager.swift */,
			);
			path = DataManager;
			sourceTree = "<group>";
		};
		FA665A0C283B5F0E00E807F1 /* Model */ = {
			isa = PBXGroup;
			children = (
				FABCF09F283B5F70008D14F5 /* User.swift */,
			);
			path = Model;
			sourceTree = "<group>";
		};
		FA666BC328434B2100DAB919 /* Controller */ = {
			isa = PBXGroup;
			children = (
				FA666BD0284356C300DAB919 /* Cell */,
				FAD7C539283A27080093AF35 /* NewsViewController.swift */,
				FA666BC428434B4300DAB919 /* AllViewController.swift */,
				FA666BC828434B5000DAB919 /* FollowingViewController.swift */,
				FA666BCC28434B6100DAB919 /* HolicViewController.swift */,
				FAD7C53A283A27080093AF35 /* NewsViewController.xib */,
				FA666BC528434B4300DAB919 /* AllViewController.xib */,
				FA666BC928434B5000DAB919 /* FollowingViewController.xib */,
				FA666BCD28434B6100DAB919 /* HolicViewController.xib */,
			);
			path = Controller;
			sourceTree = "<group>";
		};
		FA666BD0284356C300DAB919 /* Cell */ = {
			isa = PBXGroup;
			children = (
				FA666BD1284356DC00DAB919 /* NewsCell.swift */,
				FA666BD5284366B200DAB919 /* ImageCell.swift */,
				FA3F3E422843778800CE48B9 /* TasteCell.swift */,
				FA666BD2284356DC00DAB919 /* NewsCell.xib */,
				FA666BD6284366B200DAB919 /* ImageCell.xib */,
				FA3F3E432843778800CE48B9 /* TasteCell.xib */,
			);
			path = Cell;
			sourceTree = "<group>";
		};
		FA6B08A52846333C008639E4 /* Entity */ = {
			isa = PBXGroup;
			children = (
				FA6B08A72846335D008639E4 /* StoreSearchResponse.swift */,
			);
			path = Entity;
			sourceTree = "<group>";
		};
		FA6B08A628463342008639E4 /* DataManager */ = {
			isa = PBXGroup;
			children = (
				FA6B08A9284633C3008639E4 /* WritingDataManager.swift */,
			);
			path = DataManager;
			sourceTree = "<group>";
		};
		FA785C232844B52400E88303 /* DataManager */ = {
			isa = PBXGroup;
			children = (
				FA785C292844B5A200E88303 /* NewsDataManager.swift */,
			);
			path = DataManager;
			sourceTree = "<group>";
		};
		FA785C242844B53E00E88303 /* Entity */ = {
			isa = PBXGroup;
			children = (
				FA785C252844B58C00E88303 /* FeedRequest.swift */,
				FA785C272844B59500E88303 /* FeedResponse.swift */,
			);
			path = Entity;
			sourceTree = "<group>";
		};
		FA785C332845143800E88303 /* Controller */ = {
			isa = PBXGroup;
			children = (
				FA785C382845150500E88303 /* Cell */,
				FAD7C535283A26FD0093AF35 /* WritingViewController.swift */,
				FA785C342845146700E88303 /* ReviewStoresViewController.swift */,
				FA6B08932845F9FD008639E4 /* CustomGalleryViewController.swift */,
				FA6B089D28461329008639E4 /* ReviewWritingViewController.swift */,
				FAD7C536283A26FD0093AF35 /* WritingViewController.xib */,
				FA785C352845146700E88303 /* ReviewStoresViewController.xib */,
				FA6B08942845F9FD008639E4 /* CustomGalleryViewController.xib */,
				FA6B089E28461329008639E4 /* ReviewWritingViewController.xib */,
			);
			path = Controller;
			sourceTree = "<group>";
		};
		FA785C382845150500E88303 /* Cell */ = {
			isa = PBXGroup;
			children = (
				FA785C392845151C00E88303 /* StoreCell.swift */,
				FA6B08972845FAC4008639E4 /* CustomGalleryCell.swift */,
				FA785C3A2845151C00E88303 /* StoreCell.xib */,
				FA6B08982845FAC4008639E4 /* CustomGalleryCell.xib */,
			);
			path = Cell;
			sourceTree = "<group>";
		};
		FAD7C528283A23CA0093AF35 /* Restaurant */ = {
			isa = PBXGroup;
			children = (
				FAF8FEE7283E1B9200AE74AF /* Controller */,
				FAD7C543283A79830093AF35 /* Cell */,
				FA600B0C283F47380044F5BA /* Entity */,
				FA600B0D283F47410044F5BA /* DataManager */,
			);
			path = Restaurant;
			sourceTree = "<group>";
		};
		FAD7C52D283A26650093AF35 /* MangoPick */ = {
			isa = PBXGroup;
			children = (
				FAF8FEDA283E1A6600AE74AF /* Controller */,
			);
			path = MangoPick;
			sourceTree = "<group>";
		};
		FAD7C52E283A267E0093AF35 /* Writing */ = {
			isa = PBXGroup;
			children = (
				FA785C332845143800E88303 /* Controller */,
				FA6B08A628463342008639E4 /* DataManager */,
				FA6B08A52846333C008639E4 /* Entity */,
				FA4C3B7C2841387F003AFEF2 /* Class */,
			);
			path = Writing;
			sourceTree = "<group>";
		};
		FAD7C52F283A268D0093AF35 /* News */ = {
			isa = PBXGroup;
			children = (
				FA666BC328434B2100DAB919 /* Controller */,
				FA785C242844B53E00E88303 /* Entity */,
				FA785C232844B52400E88303 /* DataManager */,
			);
			path = News;
			sourceTree = "<group>";
		};
		FAD7C530283A269D0093AF35 /* Mypage */ = {
			isa = PBXGroup;
			children = (
				FAF8FECD283DFD3100AE74AF /* Controller */,
				FA37E920283CD01C003FAE07 /* Cell */,
			);
			path = Mypage;
			sourceTree = "<group>";
		};
		FAD7C543283A79830093AF35 /* Cell */ = {
			isa = PBXGroup;
			children = (
				FA3F3E4A284394E400CE48B9 /* DetailRestaurant */,
				FA570AF7283A9E3F00BA5049 /* Sorting */,
				FA570AF2283A8AD000BA5049 /* Restaurant */,
				FA570AF1283A8AC100BA5049 /* Banner */,
			);
			path = Cell;
			sourceTree = "<group>";
		};
		FAF609F02838B6DE00B2CD48 = {
			isa = PBXGroup;
			children = (
				FAF609FB2838B6DE00B2CD48 /* Mangoplate */,
				FAF609FA2838B6DE00B2CD48 /* Products */,
				E41730932EA7BFF0A9B54460 /* Pods */,
				7AE0F8AE9C384A51351A7D10 /* Frameworks */,
			);
			sourceTree = "<group>";
		};
		FAF609FA2838B6DE00B2CD48 /* Products */ = {
			isa = PBXGroup;
			children = (
				FAF609F92838B6DE00B2CD48 /* Mangoplate.app */,
			);
			name = Products;
			sourceTree = "<group>";
		};
		FAF609FB2838B6DE00B2CD48 /* Mangoplate */ = {
			isa = PBXGroup;
			children = (
				FAF60A2E2838CF8100B2CD48 /* Source */,
				FAF60A182838CE1900B2CD48 /* Util */,
				FAF60A102838CD8E00B2CD48 /* Configuration */,
				FAF609FC2838B6DE00B2CD48 /* AppDelegate.swift */,
				FAF609FE2838B6DE00B2CD48 /* SceneDelegate.swift */,
				FAF60A002838B6DE00B2CD48 /* ViewController.swift */,
				FAF60A052838B6E000B2CD48 /* Assets.xcassets */,
				FAF60A0A2838B6E000B2CD48 /* Info.plist */,
			);
			path = Mangoplate;
			sourceTree = "<group>";
		};
		FAF60A102838CD8E00B2CD48 /* Configuration */ = {
			isa = PBXGroup;
			children = (
				FAF60A152838CDDF00B2CD48 /* Base */,
				FAF60A112838CDB000B2CD48 /* Font */,
				FA665A09283B5A5E00E807F1 /* Constant.swift */,
			);
			path = Configuration;
			sourceTree = "<group>";
		};
		FAF60A112838CDB000B2CD48 /* Font */ = {
			isa = PBXGroup;
			children = (
				FAF60A122838CDCA00B2CD48 /* NotoSansCJKkr-Bold.otf */,
				FAF60A142838CDCB00B2CD48 /* NotoSansCJKkr-Medium.otf */,
				FAF60A132838CDCB00B2CD48 /* NotoSansCJKkr-Regular.otf */,
			);
			path = Font;
			sourceTree = "<group>";
		};
		FAF60A152838CDDF00B2CD48 /* Base */ = {
			isa = PBXGroup;
			children = (
				FAF60A162838CDEF00B2CD48 /* BaseViewController.swift */,
				FAD7C5262839ED000093AF35 /* BaseTabBarController.swift */,
			);
			path = Base;
			sourceTree = "<group>";
		};
		FAF60A182838CE1900B2CD48 /* Util */ = {
			isa = PBXGroup;
			children = (
				FAF60A1F2838CF0500B2CD48 /* Extension */,
				FAF60A192838CE5000B2CD48 /* IndicatorView.swift */,
				FAF60A1B2838CE7F00B2CD48 /* Device.swift */,
			);
			path = Util;
			sourceTree = "<group>";
		};
		FAF60A1F2838CF0500B2CD48 /* Extension */ = {
			isa = PBXGroup;
			children = (
				FA4C3B7A2841112D003AFEF2 /* NotificationName.swift */,
				FAF60A212838CF2100B2CD48 /* Date.swift */,
				FAF60A232838CF2100B2CD48 /* String.swift */,
				FAF60A202838CF2100B2CD48 /* UIButton.swift */,
				FAF60A222838CF2100B2CD48 /* UIColor.swift */,
				FAF60A242838CF2100B2CD48 /* UIFont.swift */,
				FAF60A252838CF2100B2CD48 /* UINavigationBar.swift */,
				FAF60A262838CF2100B2CD48 /* UIViewController.swift */,
				FAF60A3A2838E14600B2CD48 /* UITextField.swift */,
				FAD7C541283A5A310093AF35 /* UINavigationItem.swift */,
				FA60386B28425BC500C0DFC4 /* UIImageView.swift */,
				FA6B08AB28466E9E008639E4 /* UICollectionViewCell.swift */,
				FA6B08AD28466EAF008639E4 /* UITableVIewCell.swift */,
			);
			path = Extension;
			sourceTree = "<group>";
		};
		FAF60A2E2838CF8100B2CD48 /* Source */ = {
			isa = PBXGroup;
			children = (
				FAF60A2F2838D02100B2CD48 /* Network */,
				FAF60A072838B6E000B2CD48 /* LaunchScreen.storyboard */,
				FAF60A022838B6DE00B2CD48 /* Main.storyboard */,
			);
			path = Source;
			sourceTree = "<group>";
		};
		FAF60A2F2838D02100B2CD48 /* Network */ = {
			isa = PBXGroup;
			children = (
				FAF60A312838D2DA00B2CD48 /* SignIn */,
				FAF60A302838D03400B2CD48 /* SignUp */,
				FA597E0E2840CC340072CA47 /* Area */,
				FAD7C528283A23CA0093AF35 /* Restaurant */,
				FAD7C52D283A26650093AF35 /* MangoPick */,
				FAD7C52E283A267E0093AF35 /* Writing */,
				FAD7C52F283A268D0093AF35 /* News */,
				FAD7C530283A269D0093AF35 /* Mypage */,
			);
			path = Network;
			sourceTree = "<group>";
		};
		FAF60A302838D03400B2CD48 /* SignUp */ = {
			isa = PBXGroup;
			children = (
				FA665A0C283B5F0E00E807F1 /* Model */,
				FA811D4928391EE400CA29AF /* FirstSignUpViewController.swift */,
				FA811D4D2839299000CA29AF /* SecondSignUpViewController.swift */,
				FA811D4A28391EE400CA29AF /* FirstSignUpViewController.xib */,
				FA811D4E2839299000CA29AF /* SecondSignUpViewController.xib */,
				FA665A0B283B5DBC00E807F1 /* DataManager */,
				FA665A01283B4E5B00E807F1 /* Entity */,
			);
			path = SignUp;
			sourceTree = "<group>";
		};
		FAF60A312838D2DA00B2CD48 /* SignIn */ = {
			isa = PBXGroup;
			children = (
				FAF60A322838D32800B2CD48 /* SignInHomeViewController.swift */,
				FAF60A362838E03B00B2CD48 /* EmailSignInViewController.swift */,
				FAF60A332838D32800B2CD48 /* SignInHomeViewController.xib */,
				FAF60A372838E03B00B2CD48 /* EmailSignInViewController.xib */,
				FA4C1CAB283C83000089CDC8 /* DataManager */,
				FA665A00283B4E4B00E807F1 /* Entity */,
			);
			path = SignIn;
			sourceTree = "<group>";
		};
		FAF8FECD283DFD3100AE74AF /* Controller */ = {
			isa = PBXGroup;
			children = (
				FAD7C53D283A27130093AF35 /* MypageViewController.swift */,
				FAF8FECE283DFD5100AE74AF /* MyPageSettingsViewController.swift */,
				FA617A5C283F9D3F00F8E59C /* UserDeleteViewController.swift */,
				FA6B08A128462867008639E4 /* LogoutMyPageViewController.swift */,
				FA50440528474C7F00A3A5E9 /* MyReviewController.swift */,
				FAD7C53E283A27130093AF35 /* MypageViewController.xib */,
				FAF8FECF283DFD5100AE74AF /* MyPageSettingsViewController.xib */,
				FA617A5D283F9D3F00F8E59C /* UserDeleteViewController.xib */,
				FA6B08A228462867008639E4 /* LogoutMyPageViewController.xib */,
				FA50440628474C7F00A3A5E9 /* MyReviewController.xib */,
			);
			path = Controller;
			sourceTree = "<group>";
		};
		FAF8FEDA283E1A6600AE74AF /* Controller */ = {
			isa = PBXGroup;
			children = (
				FAF8FEE8283E27EE00AE74AF /* Cell */,
				FAD7C531283A26F00093AF35 /* MangoPickViewController.swift */,
				FAF8FEDB283E1A9C00AE74AF /* EATDealViewController.swift */,
				FAF8FEDF283E1AAA00AE74AF /* StoryViewController.swift */,
				FAF8FEE3283E1AB600AE74AF /* TopListViewController.swift */,
				FAD7C532283A26F00093AF35 /* MangoPickViewController.xib */,
				FAF8FEDC283E1A9C00AE74AF /* EATDealViewController.xib */,
				FAF8FEE0283E1AAA00AE74AF /* StoryViewController.xib */,
				FAF8FEE4283E1AB600AE74AF /* TopListViewController.xib */,
				FA60386D2842655C00C0DFC4 /* Entity */,
				FA60386E2842656C00C0DFC4 /* DataManager */,
			);
			path = Controller;
			sourceTree = "<group>";
		};
		FAF8FEE7283E1B9200AE74AF /* Controller */ = {
			isa = PBXGroup;
			children = (
				FAD7C529283A23F20093AF35 /* RestaurantViewController.swift */,
				FA3F3E4628438C7500CE48B9 /* DetailRestaurantViewController.swift */,
				FA785C3D2845235E00E88303 /* SortViewController.swift */,
				FAD7C52A283A23F20093AF35 /* RestaurantViewController.xib */,
				FA3F3E4728438C7500CE48B9 /* DetailRestaurantViewController.xib */,
				FA785C3E2845235E00E88303 /* SortViewController.xib */,
			);
			path = Controller;
			sourceTree = "<group>";
		};
		FAF8FEE8283E27EE00AE74AF /* Cell */ = {
			isa = PBXGroup;
			children = (
				FAF8FEE9283E280F00AE74AF /* EATDealCell.swift */,
				FAF8FEED283E38D800AE74AF /* StoryCell.swift */,
				FA5C5C73283E61CE0071C7BF /* TopListCell.swift */,
				FAF8FEEA283E280F00AE74AF /* EATDealCell.xib */,
				FAF8FEEE283E38D800AE74AF /* StoryCell.xib */,
				FA5C5C74283E61CE0071C7BF /* TopListCell.xib */,
			);
			path = Cell;
			sourceTree = "<group>";
		};
/* End PBXGroup section */

/* Begin PBXNativeTarget section */
		FAF609F82838B6DE00B2CD48 /* Mangoplate */ = {
			isa = PBXNativeTarget;
			buildConfigurationList = FAF60A0D2838B6E000B2CD48 /* Build configuration list for PBXNativeTarget "Mangoplate" */;
			buildPhases = (
				D575C0ACB25930487C57F978 /* [CP] Check Pods Manifest.lock */,
				FAF609F52838B6DE00B2CD48 /* Sources */,
				FAF609F62838B6DE00B2CD48 /* Frameworks */,
				FAF609F72838B6DE00B2CD48 /* Resources */,
				0650C5D072BC3B28017F2143 /* [CP] Embed Pods Frameworks */,
			);
			buildRules = (
			);
			dependencies = (
			);
			name = Mangoplate;
			productName = Mangoplate;
			productReference = FAF609F92838B6DE00B2CD48 /* Mangoplate.app */;
			productType = "com.apple.product-type.application";
		};
/* End PBXNativeTarget section */

/* Begin PBXProject section */
		FAF609F12838B6DE00B2CD48 /* Project object */ = {
			isa = PBXProject;
			attributes = {
				BuildIndependentTargetsInParallel = 1;
				LastSwiftUpdateCheck = 1310;
				LastUpgradeCheck = 1310;
				TargetAttributes = {
					FAF609F82838B6DE00B2CD48 = {
						CreatedOnToolsVersion = 13.1;
					};
				};
			};
			buildConfigurationList = FAF609F42838B6DE00B2CD48 /* Build configuration list for PBXProject "Mangoplate" */;
			compatibilityVersion = "Xcode 13.0";
			developmentRegion = en;
			hasScannedForEncodings = 0;
			knownRegions = (
				en,
				Base,
			);
			mainGroup = FAF609F02838B6DE00B2CD48;
			productRefGroup = FAF609FA2838B6DE00B2CD48 /* Products */;
			projectDirPath = "";
			projectRoot = "";
			targets = (
				FAF609F82838B6DE00B2CD48 /* Mangoplate */,
			);
		};
/* End PBXProject section */

/* Begin PBXResourcesBuildPhase section */
		FAF609F72838B6DE00B2CD48 /* Resources */ = {
			isa = PBXResourcesBuildPhase;
			buildActionMask = 2147483647;
			files = (
				FA785C402845235E00E88303 /* SortViewController.xib in Resources */,
				FA570AF6283A8BC200BA5049 /* BannerSubCell.xib in Resources */,
				FAF60A092838B6E000B2CD48 /* LaunchScreen.storyboard in Resources */,
				FA811D502839299000CA29AF /* SecondSignUpViewController.xib in Resources */,
				FA666BCB28434B5000DAB919 /* FollowingViewController.xib in Resources */,
				FAD7C53C283A27080093AF35 /* NewsViewController.xib in Resources */,
				FA3F3E452843778800CE48B9 /* TasteCell.xib in Resources */,
				FA3F3E522843AEB300CE48B9 /* RestaurantImageCell.xib in Resources */,
				FA3F3E4928438C7500CE48B9 /* DetailRestaurantViewController.xib in Resources */,
				FA666BD4284356DC00DAB919 /* NewsCell.xib in Resources */,
				FA785C372845146700E88303 /* ReviewStoresViewController.xib in Resources */,
				FA50440828474C7F00A3A5E9 /* MyReviewController.xib in Resources */,
				FAF60A352838D32800B2CD48 /* SignInHomeViewController.xib in Resources */,
				FAF60A062838B6E000B2CD48 /* Assets.xcassets in Resources */,
				FA597E0D2840BDF40072CA47 /* AreaTabmanViewController.xib in Resources */,
				FA6B08A428462867008639E4 /* LogoutMyPageViewController.xib in Resources */,
				FA570AFB283A9E5100BA5049 /* SortingCell.xib in Resources */,
				FA617A5F283F9D3F00F8E59C /* UserDeleteViewController.xib in Resources */,
				FAF60A392838E03B00B2CD48 /* EmailSignInViewController.xib in Resources */,
				FA829C6428424057009BB780 /* LocationAgreeViewController.xib in Resources */,
				FAF8FEE6283E1AB600AE74AF /* TopListViewController.xib in Resources */,
				FAF8FED1283DFD5100AE74AF /* MyPageSettingsViewController.xib in Resources */,
				FA666BCF28434B6100DAB919 /* HolicViewController.xib in Resources */,
				FA1DE1E1283CFE0300A7EAEC /* MyPageTimelineCell.xib in Resources */,
				FAD7C52C283A23F20093AF35 /* RestaurantViewController.xib in Resources */,
				FA785C322844E8AD00E88303 /* ThirdRestaurantDetailCell.xib in Resources */,
				FA37E924283CD043003FAE07 /* MyPageProfileCell.xib in Resources */,
				FAF8FED9283E143600AE74AF /* MyPageSettingsCell.xib in Resources */,
				FA6B089A2845FAC4008639E4 /* CustomGalleryCell.xib in Resources */,
				FAF8FEEC283E280F00AE74AF /* EATDealCell.xib in Resources */,
				FA617A5B283F83C500F8E59C /* AreasViewController.xib in Resources */,
				FAD7C540283A27130093AF35 /* MypageViewController.xib in Resources */,
				FA666BD8284366B200DAB919 /* ImageCell.xib in Resources */,
				FA570AEC283A885300BA5049 /* RestaurantCell.xib in Resources */,
				FAF60A042838B6DE00B2CD48 /* Main.storyboard in Resources */,
				FA37E928283CF606003FAE07 /* MyPageMainCell.xib in Resources */,
				FA597E142840CC980072CA47 /* AreaCell.xib in Resources */,
				FA3F3E4E2843951800CE48B9 /* FirstRestaurantDetailCell.xib in Resources */,
				FA811D4C28391EE400CA29AF /* FirstSignUpViewController.xib in Resources */,
				FAD7C534283A26F00093AF35 /* MangoPickViewController.xib in Resources */,
				FAF8FEF0283E38D800AE74AF /* StoryCell.xib in Resources */,
				FA6B08A028461329008639E4 /* ReviewWritingViewController.xib in Resources */,
				FA5C5C76283E61CE0071C7BF /* TopListCell.xib in Resources */,
				FAF8FEDE283E1A9C00AE74AF /* EATDealViewController.xib in Resources */,
				FA785C3C2845151C00E88303 /* StoreCell.xib in Resources */,
				FAD7C538283A26FD0093AF35 /* WritingViewController.xib in Resources */,
				FA6B08962845F9FD008639E4 /* CustomGalleryViewController.xib in Resources */,
				FA666BC728434B4300DAB919 /* AllViewController.xib in Resources */,
				FAF8FEE2283E1AAA00AE74AF /* StoryViewController.xib in Resources */,
				FA597E0928408AE00072CA47 /* DetailAreaViewController.xib in Resources */,
				FA785C2E2844D6EC00E88303 /* SecondRestaurantDetailCell.xib in Resources */,
				FAD7C547283A799B0093AF35 /* BannerCell.xib in Resources */,
			);
			runOnlyForDeploymentPostprocessing = 0;
		};
/* End PBXResourcesBuildPhase section */

/* Begin PBXShellScriptBuildPhase section */
		0650C5D072BC3B28017F2143 /* [CP] Embed Pods Frameworks */ = {
			isa = PBXShellScriptBuildPhase;
			buildActionMask = 2147483647;
			files = (
			);
			inputFileListPaths = (
				"${PODS_ROOT}/Target Support Files/Pods-Mangoplate/Pods-Mangoplate-frameworks-${CONFIGURATION}-input-files.xcfilelist",
			);
			name = "[CP] Embed Pods Frameworks";
			outputFileListPaths = (
				"${PODS_ROOT}/Target Support Files/Pods-Mangoplate/Pods-Mangoplate-frameworks-${CONFIGURATION}-output-files.xcfilelist",
			);
			runOnlyForDeploymentPostprocessing = 0;
			shellPath = /bin/sh;
			shellScript = "\"${PODS_ROOT}/Target Support Files/Pods-Mangoplate/Pods-Mangoplate-frameworks.sh\"\n";
			showEnvVarsInLog = 0;
		};
		D575C0ACB25930487C57F978 /* [CP] Check Pods Manifest.lock */ = {
			isa = PBXShellScriptBuildPhase;
			buildActionMask = 2147483647;
			files = (
			);
			inputFileListPaths = (
			);
			inputPaths = (
				"${PODS_PODFILE_DIR_PATH}/Podfile.lock",
				"${PODS_ROOT}/Manifest.lock",
			);
			name = "[CP] Check Pods Manifest.lock";
			outputFileListPaths = (
			);
			outputPaths = (
				"$(DERIVED_FILE_DIR)/Pods-Mangoplate-checkManifestLockResult.txt",
			);
			runOnlyForDeploymentPostprocessing = 0;
			shellPath = /bin/sh;
			shellScript = "diff \"${PODS_PODFILE_DIR_PATH}/Podfile.lock\" \"${PODS_ROOT}/Manifest.lock\" > /dev/null\nif [ $? != 0 ] ; then\n    # print error to STDERR\n    echo \"error: The sandbox is not in sync with the Podfile.lock. Run 'pod install' or update your CocoaPods installation.\" >&2\n    exit 1\nfi\n# This output is used by Xcode 'outputs' to avoid re-running this script phase.\necho \"SUCCESS\" > \"${SCRIPT_OUTPUT_FILE_0}\"\n";
			showEnvVarsInLog = 0;
		};
/* End PBXShellScriptBuildPhase section */

/* Begin PBXSourcesBuildPhase section */
		FAF609F52838B6DE00B2CD48 /* Sources */ = {
			isa = PBXSourcesBuildPhase;
			buildActionMask = 2147483647;
			files = (
				FAF60A012838B6DE00B2CD48 /* ViewController.swift in Sources */,
				FA600B0F283F47790044F5BA /* AreasResponse.swift in Sources */,
				FA6B08952845F9FD008639E4 /* CustomGalleryViewController.swift in Sources */,
				FA6B089F28461329008639E4 /* ReviewWritingViewController.swift in Sources */,
				FA666BD3284356DC00DAB919 /* NewsCell.swift in Sources */,
				FAD7C533283A26F00093AF35 /* MangoPickViewController.swift in Sources */,
				FA6B08A328462867008639E4 /* LogoutMyPageViewController.swift in Sources */,
				FA50440728474C7F00A3A5E9 /* MyReviewController.swift in Sources */,
				FA570AF5283A8BC200BA5049 /* BannerSubCell.swift in Sources */,
				FAF8FEEF283E38D800AE74AF /* StoryCell.swift in Sources */,
				FAD7C53B283A27080093AF35 /* NewsViewController.swift in Sources */,
				FA617A5E283F9D3F00F8E59C /* UserDeleteViewController.swift in Sources */,
				FAD7C546283A799B0093AF35 /* BannerCell.swift in Sources */,
				FA666BCE28434B6100DAB919 /* HolicViewController.swift in Sources */,
				FA3F3E512843AEB300CE48B9 /* RestaurantImageCell.swift in Sources */,
				FA551B6A2842807F009ADB01 /* TopListResponse.swift in Sources */,
				FABCF0A2283BDE5D008D14F5 /* EmailCheckRequest.swift in Sources */,
				FAF8FEE1283E1AAA00AE74AF /* StoryViewController.swift in Sources */,
				FA6B08B22846754E008639E4 /* StoryRequest.swift in Sources */,
				FA6B08AE28466EAF008639E4 /* UITableVIewCell.swift in Sources */,
				FAD7C52B283A23F20093AF35 /* RestaurantViewController.swift in Sources */,
				FA4C1CA8283C822C0089CDC8 /* SignInRequest.swift in Sources */,
				FA785C282844B59500E88303 /* FeedResponse.swift in Sources */,
				FAF60A172838CDEF00B2CD48 /* BaseViewController.swift in Sources */,
				FA785C2A2844B5A200E88303 /* NewsDataManager.swift in Sources */,
				FA4C3B7B2841112D003AFEF2 /* NotificationName.swift in Sources */,
				FAD7C5272839ED000093AF35 /* BaseTabBarController.swift in Sources */,
				FA666BCA28434B5000DAB919 /* FollowingViewController.swift in Sources */,
				FA6B08992845FAC4008639E4 /* CustomGalleryCell.swift in Sources */,
				FA665A0A283B5A5E00E807F1 /* Constant.swift in Sources */,
				FA60386C28425BC500C0DFC4 /* UIImageView.swift in Sources */,
				FAF8FEEB283E280F00AE74AF /* EATDealCell.swift in Sources */,
				FA597E132840CC980072CA47 /* AreaCell.swift in Sources */,
				FAF60A2A2838CF2100B2CD48 /* String.swift in Sources */,
				FA3F3E4D2843951800CE48B9 /* FirstRestaurantDetailCell.swift in Sources */,
				FAF60A3B2838E14600B2CD48 /* UITextField.swift in Sources */,
				FA6B08A82846335D008639E4 /* StoreSearchResponse.swift in Sources */,
				FA617A5A283F83C500F8E59C /* AreasViewController.swift in Sources */,
				FAF60A2C2838CF2100B2CD48 /* UINavigationBar.swift in Sources */,
				FA6B08AA284633C3008639E4 /* WritingDataManager.swift in Sources */,
				FA666BC628434B4300DAB919 /* AllViewController.swift in Sources */,
				FA4C3B7E2841388C003AFEF2 /* CircularTransition.swift in Sources */,
				FA37E923283CD043003FAE07 /* MyPageProfileCell.swift in Sources */,
				FA37E927283CF606003FAE07 /* MyPageMainCell.swift in Sources */,
				FA5C5C75283E61CE0071C7BF /* TopListCell.swift in Sources */,
				FAF609FD2838B6DE00B2CD48 /* AppDelegate.swift in Sources */,
				FAD7C537283A26FD0093AF35 /* WritingViewController.swift in Sources */,
				FA570AFA283A9E5100BA5049 /* SortingCell.swift in Sources */,
				FAF60A282838CF2100B2CD48 /* Date.swift in Sources */,
				FA665A04283B4EBD00E807F1 /* SignUpResponse.swift in Sources */,
				FAF60A292838CF2100B2CD48 /* UIColor.swift in Sources */,
				FA551B6C28428AB1009ADB01 /* GetUserResponse.swift in Sources */,
				FA785C262844B58C00E88303 /* FeedRequest.swift in Sources */,
				FA4C1CAA283C82370089CDC8 /* SignInResponse.swift in Sources */,
				FA665A06283B561000E807F1 /* SignUpRequest.swift in Sources */,
				FAF60A2D2838CF2100B2CD48 /* UIViewController.swift in Sources */,
				FA785C3F2845235E00E88303 /* SortViewController.swift in Sources */,
				FA785C3B2845151C00E88303 /* StoreCell.swift in Sources */,
				FA829C66284251CB009BB780 /* RestaurantRequest.swift in Sources */,
				FA37E91F283CC857003FAE07 /* KakaoLoginRequest.swift in Sources */,
				FA6B08AC28466E9F008639E4 /* UICollectionViewCell.swift in Sources */,
				FAF60A2B2838CF2100B2CD48 /* UIFont.swift in Sources */,
				FA597E0C2840BDF40072CA47 /* AreaTabmanViewController.swift in Sources */,
				FA600B0B283F47320044F5BA /* RestaurantDataManager.swift in Sources */,
				FAF8FED8283E143600AE74AF /* MyPageSettingsCell.swift in Sources */,
				FAD7C53F283A27130093AF35 /* MypageViewController.swift in Sources */,
				FAF60A1C2838CE7F00B2CD48 /* Device.swift in Sources */,
				FA829C6828425780009BB780 /* RestaurantResponse.swift in Sources */,
				FA570AEB283A885300BA5049 /* RestaurantCell.swift in Sources */,
				FA6B08B028467543008639E4 /* TopListRequest.swift in Sources */,
				FA785C312844E8AD00E88303 /* ThirdRestaurantDetailCell.swift in Sources */,
				FABCF0A0283B5F70008D14F5 /* User.swift in Sources */,
				FAF60A272838CF2100B2CD48 /* UIButton.swift in Sources */,
				FA811D4F2839299000CA29AF /* SecondSignUpViewController.swift in Sources */,
				FA50440428472E4C00A3A5E9 /* DetailRestaurantResponse.swift in Sources */,
				FA6B089C2846077C008639E4 /* Review.swift in Sources */,
				FAF60A342838D32800B2CD48 /* SignInHomeViewController.swift in Sources */,
				FA4C1CAD283C83130089CDC8 /* SignInDataManager.swift in Sources */,
				FA4FA610283FBAB500DD836A /* DeleteUserResponse.swift in Sources */,
				FA6038702842658A00C0DFC4 /* EATDealResponse.swift in Sources */,
				FA3F3E442843778800CE48B9 /* TasteCell.swift in Sources */,
				FA666BD7284366B200DAB919 /* ImageCell.swift in Sources */,
				FAF8FEE5283E1AB600AE74AF /* TopListViewController.swift in Sources */,
				FAF8FEDD283E1A9C00AE74AF /* EATDealViewController.swift in Sources */,
				FA597E0828408AE00072CA47 /* DetailAreaViewController.swift in Sources */,
				FAF8FED0283DFD5100AE74AF /* MyPageSettingsViewController.swift in Sources */,
				FA3F3E4828438C7500CE48B9 /* DetailRestaurantViewController.swift in Sources */,
				FA785C362845146700E88303 /* ReviewStoresViewController.swift in Sources */,
				FAD7C542283A5A310093AF35 /* UINavigationItem.swift in Sources */,
				FA551B6828426FD3009ADB01 /* StoryResponse.swift in Sources */,
				FA785C2D2844D6EC00E88303 /* SecondRestaurantDetailCell.swift in Sources */,
				FA829C6328424057009BB780 /* LocationAgreeViewController.swift in Sources */,
				FA6038722842660100C0DFC4 /* MangoPickDataManager.swift in Sources */,
				FAF60A382838E03B00B2CD48 /* EmailSignInViewController.swift in Sources */,
				FA811D4B28391EE400CA29AF /* FirstSignUpViewController.swift in Sources */,
				FA665A08283B596100E807F1 /* SignUpDataManager.swift in Sources */,
				FA1DE1E0283CFE0300A7EAEC /* MyPageTimelineCell.swift in Sources */,
				FAF609FF2838B6DE00B2CD48 /* SceneDelegate.swift in Sources */,
				FA4FA60E283FBA0E00DD836A /* MyPageDataManager.swift in Sources */,
				FAF60A1A2838CE5000B2CD48 /* IndicatorView.swift in Sources */,
			);
			runOnlyForDeploymentPostprocessing = 0;
		};
/* End PBXSourcesBuildPhase section */

/* Begin PBXVariantGroup section */
		FAF60A022838B6DE00B2CD48 /* Main.storyboard */ = {
			isa = PBXVariantGroup;
			children = (
				FAF60A032838B6DE00B2CD48 /* Base */,
			);
			name = Main.storyboard;
			sourceTree = "<group>";
		};
		FAF60A072838B6E000B2CD48 /* LaunchScreen.storyboard */ = {
			isa = PBXVariantGroup;
			children = (
				FAF60A082838B6E000B2CD48 /* Base */,
			);
			name = LaunchScreen.storyboard;
			sourceTree = "<group>";
		};
/* End PBXVariantGroup section */

/* Begin XCBuildConfiguration section */
		FAF60A0B2838B6E000B2CD48 /* Debug */ = {
			isa = XCBuildConfiguration;
			buildSettings = {
				ALWAYS_SEARCH_USER_PATHS = NO;
				CLANG_ANALYZER_NONNULL = YES;
				CLANG_ANALYZER_NUMBER_OBJECT_CONVERSION = YES_AGGRESSIVE;
				CLANG_CXX_LANGUAGE_STANDARD = "gnu++17";
				CLANG_CXX_LIBRARY = "libc++";
				CLANG_ENABLE_MODULES = YES;
				CLANG_ENABLE_OBJC_ARC = YES;
				CLANG_ENABLE_OBJC_WEAK = YES;
				CLANG_WARN_BLOCK_CAPTURE_AUTORELEASING = YES;
				CLANG_WARN_BOOL_CONVERSION = YES;
				CLANG_WARN_COMMA = YES;
				CLANG_WARN_CONSTANT_CONVERSION = YES;
				CLANG_WARN_DEPRECATED_OBJC_IMPLEMENTATIONS = YES;
				CLANG_WARN_DIRECT_OBJC_ISA_USAGE = YES_ERROR;
				CLANG_WARN_DOCUMENTATION_COMMENTS = YES;
				CLANG_WARN_EMPTY_BODY = YES;
				CLANG_WARN_ENUM_CONVERSION = YES;
				CLANG_WARN_INFINITE_RECURSION = YES;
				CLANG_WARN_INT_CONVERSION = YES;
				CLANG_WARN_NON_LITERAL_NULL_CONVERSION = YES;
				CLANG_WARN_OBJC_IMPLICIT_RETAIN_SELF = YES;
				CLANG_WARN_OBJC_LITERAL_CONVERSION = YES;
				CLANG_WARN_OBJC_ROOT_CLASS = YES_ERROR;
				CLANG_WARN_QUOTED_INCLUDE_IN_FRAMEWORK_HEADER = YES;
				CLANG_WARN_RANGE_LOOP_ANALYSIS = YES;
				CLANG_WARN_STRICT_PROTOTYPES = YES;
				CLANG_WARN_SUSPICIOUS_MOVE = YES;
				CLANG_WARN_UNGUARDED_AVAILABILITY = YES_AGGRESSIVE;
				CLANG_WARN_UNREACHABLE_CODE = YES;
				CLANG_WARN__DUPLICATE_METHOD_MATCH = YES;
				COPY_PHASE_STRIP = NO;
				DEBUG_INFORMATION_FORMAT = dwarf;
				ENABLE_STRICT_OBJC_MSGSEND = YES;
				ENABLE_TESTABILITY = YES;
				GCC_C_LANGUAGE_STANDARD = gnu11;
				GCC_DYNAMIC_NO_PIC = NO;
				GCC_NO_COMMON_BLOCKS = YES;
				GCC_OPTIMIZATION_LEVEL = 0;
				GCC_PREPROCESSOR_DEFINITIONS = (
					"DEBUG=1",
					"$(inherited)",
				);
				GCC_WARN_64_TO_32_BIT_CONVERSION = YES;
				GCC_WARN_ABOUT_RETURN_TYPE = YES_ERROR;
				GCC_WARN_UNDECLARED_SELECTOR = YES;
				GCC_WARN_UNINITIALIZED_AUTOS = YES_AGGRESSIVE;
				GCC_WARN_UNUSED_FUNCTION = YES;
				GCC_WARN_UNUSED_VARIABLE = YES;
				IPHONEOS_DEPLOYMENT_TARGET = 15.0;
				MTL_ENABLE_DEBUG_INFO = INCLUDE_SOURCE;
				MTL_FAST_MATH = YES;
				ONLY_ACTIVE_ARCH = YES;
				SDKROOT = iphoneos;
				SWIFT_ACTIVE_COMPILATION_CONDITIONS = DEBUG;
				SWIFT_OPTIMIZATION_LEVEL = "-Onone";
			};
			name = Debug;
		};
		FAF60A0C2838B6E000B2CD48 /* Release */ = {
			isa = XCBuildConfiguration;
			buildSettings = {
				ALWAYS_SEARCH_USER_PATHS = NO;
				CLANG_ANALYZER_NONNULL = YES;
				CLANG_ANALYZER_NUMBER_OBJECT_CONVERSION = YES_AGGRESSIVE;
				CLANG_CXX_LANGUAGE_STANDARD = "gnu++17";
				CLANG_CXX_LIBRARY = "libc++";
				CLANG_ENABLE_MODULES = YES;
				CLANG_ENABLE_OBJC_ARC = YES;
				CLANG_ENABLE_OBJC_WEAK = YES;
				CLANG_WARN_BLOCK_CAPTURE_AUTORELEASING = YES;
				CLANG_WARN_BOOL_CONVERSION = YES;
				CLANG_WARN_COMMA = YES;
				CLANG_WARN_CONSTANT_CONVERSION = YES;
				CLANG_WARN_DEPRECATED_OBJC_IMPLEMENTATIONS = YES;
				CLANG_WARN_DIRECT_OBJC_ISA_USAGE = YES_ERROR;
				CLANG_WARN_DOCUMENTATION_COMMENTS = YES;
				CLANG_WARN_EMPTY_BODY = YES;
				CLANG_WARN_ENUM_CONVERSION = YES;
				CLANG_WARN_INFINITE_RECURSION = YES;
				CLANG_WARN_INT_CONVERSION = YES;
				CLANG_WARN_NON_LITERAL_NULL_CONVERSION = YES;
				CLANG_WARN_OBJC_IMPLICIT_RETAIN_SELF = YES;
				CLANG_WARN_OBJC_LITERAL_CONVERSION = YES;
				CLANG_WARN_OBJC_ROOT_CLASS = YES_ERROR;
				CLANG_WARN_QUOTED_INCLUDE_IN_FRAMEWORK_HEADER = YES;
				CLANG_WARN_RANGE_LOOP_ANALYSIS = YES;
				CLANG_WARN_STRICT_PROTOTYPES = YES;
				CLANG_WARN_SUSPICIOUS_MOVE = YES;
				CLANG_WARN_UNGUARDED_AVAILABILITY = YES_AGGRESSIVE;
				CLANG_WARN_UNREACHABLE_CODE = YES;
				CLANG_WARN__DUPLICATE_METHOD_MATCH = YES;
				COPY_PHASE_STRIP = NO;
				DEBUG_INFORMATION_FORMAT = "dwarf-with-dsym";
				ENABLE_NS_ASSERTIONS = NO;
				ENABLE_STRICT_OBJC_MSGSEND = YES;
				GCC_C_LANGUAGE_STANDARD = gnu11;
				GCC_NO_COMMON_BLOCKS = YES;
				GCC_WARN_64_TO_32_BIT_CONVERSION = YES;
				GCC_WARN_ABOUT_RETURN_TYPE = YES_ERROR;
				GCC_WARN_UNDECLARED_SELECTOR = YES;
				GCC_WARN_UNINITIALIZED_AUTOS = YES_AGGRESSIVE;
				GCC_WARN_UNUSED_FUNCTION = YES;
				GCC_WARN_UNUSED_VARIABLE = YES;
				IPHONEOS_DEPLOYMENT_TARGET = 15.0;
				MTL_ENABLE_DEBUG_INFO = NO;
				MTL_FAST_MATH = YES;
				SDKROOT = iphoneos;
				SWIFT_COMPILATION_MODE = wholemodule;
				SWIFT_OPTIMIZATION_LEVEL = "-O";
				VALIDATE_PRODUCT = YES;
			};
			name = Release;
		};
		FAF60A0E2838B6E000B2CD48 /* Debug */ = {
			isa = XCBuildConfiguration;
			baseConfigurationReference = 9A9554EF98F437EAEB7FCE8E /* Pods-Mangoplate.debug.xcconfig */;
			buildSettings = {
				ASSETCATALOG_COMPILER_APPICON_NAME = AppIcon;
				ASSETCATALOG_COMPILER_GLOBAL_ACCENT_COLOR_NAME = AccentColor;
				CODE_SIGN_STYLE = Automatic;
				CURRENT_PROJECT_VERSION = 1;
				DEVELOPMENT_TEAM = 9738W25PF4;
				GENERATE_INFOPLIST_FILE = YES;
				INFOPLIST_FILE = Mangoplate/Info.plist;
				INFOPLIST_KEY_NSCameraUsageDescription = "카메라로 사진 찍기";
				INFOPLIST_KEY_NSLocationWhenInUseUsageDescription = "앱을 열때마다 위치정보 가져오기 허용";
				INFOPLIST_KEY_NSPhotoLibraryUsageDescription = "앨범에서 사진 선택";
				INFOPLIST_KEY_UIApplicationSupportsIndirectInputEvents = YES;
				INFOPLIST_KEY_UILaunchStoryboardName = LaunchScreen;
				INFOPLIST_KEY_UISupportedInterfaceOrientations_iPad = "UIInterfaceOrientationPortrait UIInterfaceOrientationPortraitUpsideDown UIInterfaceOrientationLandscapeLeft UIInterfaceOrientationLandscapeRight";
				INFOPLIST_KEY_UISupportedInterfaceOrientations_iPhone = "UIInterfaceOrientationPortrait UIInterfaceOrientationLandscapeLeft UIInterfaceOrientationLandscapeRight";
				INFOPLIST_KEY_UIUserInterfaceStyle = Light;
				LD_RUNPATH_SEARCH_PATHS = (
					"$(inherited)",
					"@executable_path/Frameworks",
				);
				MARKETING_VERSION = 1.0;
				PRODUCT_BUNDLE_IDENTIFIER = LimYoungSun.Mangoplate;
				PRODUCT_NAME = "$(TARGET_NAME)";
				SWIFT_EMIT_LOC_STRINGS = YES;
				SWIFT_VERSION = 5.0;
				TARGETED_DEVICE_FAMILY = 1;
			};
			name = Debug;
		};
		FAF60A0F2838B6E000B2CD48 /* Release */ = {
			isa = XCBuildConfiguration;
			baseConfigurationReference = 2500C2350EEC545DDEBD7695 /* Pods-Mangoplate.release.xcconfig */;
			buildSettings = {
				ASSETCATALOG_COMPILER_APPICON_NAME = AppIcon;
				ASSETCATALOG_COMPILER_GLOBAL_ACCENT_COLOR_NAME = AccentColor;
				CODE_SIGN_STYLE = Automatic;
				CURRENT_PROJECT_VERSION = 1;
				DEVELOPMENT_TEAM = 9738W25PF4;
				GENERATE_INFOPLIST_FILE = YES;
				INFOPLIST_FILE = Mangoplate/Info.plist;
				INFOPLIST_KEY_NSCameraUsageDescription = "카메라로 사진 찍기";
				INFOPLIST_KEY_NSLocationWhenInUseUsageDescription = "앱을 열때마다 위치정보 가져오기 허용";
				INFOPLIST_KEY_NSPhotoLibraryUsageDescription = "앨범에서 사진 선택";
				INFOPLIST_KEY_UIApplicationSupportsIndirectInputEvents = YES;
				INFOPLIST_KEY_UILaunchStoryboardName = LaunchScreen;
				INFOPLIST_KEY_UISupportedInterfaceOrientations_iPad = "UIInterfaceOrientationPortrait UIInterfaceOrientationPortraitUpsideDown UIInterfaceOrientationLandscapeLeft UIInterfaceOrientationLandscapeRight";
				INFOPLIST_KEY_UISupportedInterfaceOrientations_iPhone = "UIInterfaceOrientationPortrait UIInterfaceOrientationLandscapeLeft UIInterfaceOrientationLandscapeRight";
				INFOPLIST_KEY_UIUserInterfaceStyle = Light;
				LD_RUNPATH_SEARCH_PATHS = (
					"$(inherited)",
					"@executable_path/Frameworks",
				);
				MARKETING_VERSION = 1.0;
				PRODUCT_BUNDLE_IDENTIFIER = LimYoungSun.Mangoplate;
				PRODUCT_NAME = "$(TARGET_NAME)";
				SWIFT_EMIT_LOC_STRINGS = YES;
				SWIFT_VERSION = 5.0;
				TARGETED_DEVICE_FAMILY = 1;
			};
			name = Release;
		};
/* End XCBuildConfiguration section */

/* Begin XCConfigurationList section */
		FAF609F42838B6DE00B2CD48 /* Build configuration list for PBXProject "Mangoplate" */ = {
			isa = XCConfigurationList;
			buildConfigurations = (
				FAF60A0B2838B6E000B2CD48 /* Debug */,
				FAF60A0C2838B6E000B2CD48 /* Release */,
			);
			defaultConfigurationIsVisible = 0;
			defaultConfigurationName = Release;
		};
		FAF60A0D2838B6E000B2CD48 /* Build configuration list for PBXNativeTarget "Mangoplate" */ = {
			isa = XCConfigurationList;
			buildConfigurations = (
				FAF60A0E2838B6E000B2CD48 /* Debug */,
				FAF60A0F2838B6E000B2CD48 /* Release */,
			);
			defaultConfigurationIsVisible = 0;
			defaultConfigurationName = Release;
		};
/* End XCConfigurationList section */
	};
	rootObject = FAF609F12838B6DE00B2CD48 /* Project object */;
}
